// !$*UTF8*$!
{
	archiveVersion = 1;
	classes = {
	};
	objectVersion = 70;
	objects = {

/* Begin PBXBuildFile section */
		BB07847D2D1B293E004BF908 /* CatodoroCoreData.xcdatamodeld in Sources */ = {isa = PBXBuildFile; fileRef = BB07847B2D1B293E004BF908 /* CatodoroCoreData.xcdatamodeld */; };
		BB0784842D1BBC60004BF908 /* PawButtonTests.swift in Sources */ = {isa = PBXBuildFile; fileRef = BB0784832D1BBC60004BF908 /* PawButtonTests.swift */; };
		BB0784862D1BC57B004BF908 /* PlayPauseButtonTests.swift in Sources */ = {isa = PBXBuildFile; fileRef = BB0784852D1BC57B004BF908 /* PlayPauseButtonTests.swift */; };
		BB0B25D12C9CF5F000487314 /* StopButton.swift in Sources */ = {isa = PBXBuildFile; fileRef = BB0B25D02C9CF5F000487314 /* StopButton.swift */; };
		BB1817B92C7EB23300BF8DA8 /* TimerCircleView.swift in Sources */ = {isa = PBXBuildFile; fileRef = BB1817B82C7EB23300BF8DA8 /* TimerCircleView.swift */; };
		BB1817BB2C7EB31800BF8DA8 /* PlayPauseButton.swift in Sources */ = {isa = PBXBuildFile; fileRef = BB1817BA2C7EB31800BF8DA8 /* PlayPauseButton.swift */; };
		BB1817BE2C7EB57B00BF8DA8 /* UIView+Extensions.swift in Sources */ = {isa = PBXBuildFile; fileRef = BB1817BD2C7EB57B00BF8DA8 /* UIView+Extensions.swift */; };
		BB1817C02C7EC35B00BF8DA8 /* Int+Extensions.swift in Sources */ = {isa = PBXBuildFile; fileRef = BB1817BF2C7EC35B00BF8DA8 /* Int+Extensions.swift */; };
		BB479AB12CB487E7000CBE6D /* TimerPickerView.swift in Sources */ = {isa = PBXBuildFile; fileRef = BB479AB02CB487E7000CBE6D /* TimerPickerView.swift */; };
		BB479AB72CB49013000CBE6D /* TimePickerView.swift in Sources */ = {isa = PBXBuildFile; fileRef = BB479AB62CB49013000CBE6D /* TimePickerView.swift */; };
		BB479AB92CC87A1C000CBE6D /* UIButton+Extensions.swift in Sources */ = {isa = PBXBuildFile; fileRef = BB479AB82CC87A1C000CBE6D /* UIButton+Extensions.swift */; };
		BB479AC02CC88164000CBE6D /* hungry_cat.mp3 in Resources */ = {isa = PBXBuildFile; fileRef = BB479ABF2CC88164000CBE6D /* hungry_cat.mp3 */; };
		BB479AC42CC883D1000CBE6D /* AudioManager.swift in Sources */ = {isa = PBXBuildFile; fileRef = BB479AC32CC883D1000CBE6D /* AudioManager.swift */; };
		BB479AC62CC9D228000CBE6D /* PawButton.swift in Sources */ = {isa = PBXBuildFile; fileRef = BB479AC52CC9D228000CBE6D /* PawButton.swift */; };
		BB49DC5E2D07AE14001E3CDC /* SettingOptionsViewCell.swift in Sources */ = {isa = PBXBuildFile; fileRef = BB49DC5D2D07AE14001E3CDC /* SettingOptionsViewCell.swift */; };
		BB49DC642D08CC3A001E3CDC /* CatodoroPreferences.swift in Sources */ = {isa = PBXBuildFile; fileRef = BB49DC632D08CC3A001E3CDC /* CatodoroPreferences.swift */; };
		BB49DC672D08D167001E3CDC /* ColorOptions.swift in Sources */ = {isa = PBXBuildFile; fileRef = BB49DC662D08D167001E3CDC /* ColorOptions.swift */; };
		BB49DC692D08EEAE001E3CDC /* SoundOptions.swift in Sources */ = {isa = PBXBuildFile; fileRef = BB49DC682D08EEAE001E3CDC /* SoundOptions.swift */; };
		BB49DC6D2D08EFE2001E3CDC /* OptionSelectionViewCell.swift in Sources */ = {isa = PBXBuildFile; fileRef = BB49DC6C2D08EFE2001E3CDC /* OptionSelectionViewCell.swift */; };
		BB49DC6F2D08F31A001E3CDC /* ColorSelectionViewController.swift in Sources */ = {isa = PBXBuildFile; fileRef = BB49DC6E2D08F31A001E3CDC /* ColorSelectionViewController.swift */; };
		BB49DC712D08F33D001E3CDC /* OptionSelectionViewModel.swift in Sources */ = {isa = PBXBuildFile; fileRef = BB49DC702D08F33D001E3CDC /* OptionSelectionViewModel.swift */; };
		BB49DC732D08F859001E3CDC /* BaseOptionSelectionViewController.swift in Sources */ = {isa = PBXBuildFile; fileRef = BB49DC722D08F859001E3CDC /* BaseOptionSelectionViewController.swift */; };
		BB49DC752D08FA37001E3CDC /* SoundSelectionViewController.swift in Sources */ = {isa = PBXBuildFile; fileRef = BB49DC742D08FA37001E3CDC /* SoundSelectionViewController.swift */; };
		BB4CF75C2D3466DF00B0946C /* CatodoroSharedPreferences.swift in Sources */ = {isa = PBXBuildFile; fileRef = BB4CF75B2D3466DF00B0946C /* CatodoroSharedPreferences.swift */; };
		BB4CF7622D34A41100B0946C /* LiveActivityManager.swift in Sources */ = {isa = PBXBuildFile; fileRef = BB4CF7612D34A41100B0946C /* LiveActivityManager.swift */; };
		BB4CF7762D35986100B0946C /* CatodoroShared.framework in Frameworks */ = {isa = PBXBuildFile; fileRef = BB4CF76C2D35986000B0946C /* CatodoroShared.framework */; };
		BB4CF7812D35986100B0946C /* CatodoroShared.framework in Frameworks */ = {isa = PBXBuildFile; fileRef = BB4CF76C2D35986000B0946C /* CatodoroShared.framework */; };
		BB4CF7822D35986100B0946C /* CatodoroShared.framework in Embed Frameworks */ = {isa = PBXBuildFile; fileRef = BB4CF76C2D35986000B0946C /* CatodoroShared.framework */; settings = {ATTRIBUTES = (CodeSignOnCopy, RemoveHeadersOnCopy, ); }; };
		BB4E43432D191B2300C34D04 /* CatodoroCoreDataManager.swift in Sources */ = {isa = PBXBuildFile; fileRef = BB4E43422D191B2300C34D04 /* CatodoroCoreDataManager.swift */; };
		BB516E452CAB933C0004B95C /* TimerConfigViewController.swift in Sources */ = {isa = PBXBuildFile; fileRef = BB516E442CAB933C0004B95C /* TimerConfigViewController.swift */; };
		BB516E472CAB94D70004B95C /* TimerConfigViewModel.swift in Sources */ = {isa = PBXBuildFile; fileRef = BB516E462CAB94D70004B95C /* TimerConfigViewModel.swift */; };
		BB516E4B2CAB97B90004B95C /* TimerModel.swift in Sources */ = {isa = PBXBuildFile; fileRef = BB516E4A2CAB97B90004B95C /* TimerModel.swift */; };
		BB516E4E2CAB98930004B95C /* TimerConfigModel.swift in Sources */ = {isa = PBXBuildFile; fileRef = BB516E4D2CAB98930004B95C /* TimerConfigModel.swift */; };
		BB522A4A2D40AB4E0064F9DC /* WidgetKit.framework in Frameworks */ = {isa = PBXBuildFile; fileRef = BBFE8DF62D2F6CEB00F898B0 /* WidgetKit.framework */; };
		BB522A4B2D40AB4E0064F9DC /* SwiftUI.framework in Frameworks */ = {isa = PBXBuildFile; fileRef = BBFE8DF82D2F6CEB00F898B0 /* SwiftUI.framework */; };
		BB522A582D40AB4F0064F9DC /* CatodoroWidgetExtension.appex in Embed Foundation Extensions */ = {isa = PBXBuildFile; fileRef = BB522A492D40AB4E0064F9DC /* CatodoroWidgetExtension.appex */; settings = {ATTRIBUTES = (RemoveHeadersOnCopy, ); }; };
		BB522A632D40ACFF0064F9DC /* ActivityKit.framework in Frameworks */ = {isa = PBXBuildFile; fileRef = BB522A622D40ACFF0064F9DC /* ActivityKit.framework */; };
		BB522A642D40AD160064F9DC /* CatodoroShared.framework in Frameworks */ = {isa = PBXBuildFile; fileRef = BB4CF76C2D35986000B0946C /* CatodoroShared.framework */; };
		BB5818F92D2129D700F6A846 /* DismissButton.swift in Sources */ = {isa = PBXBuildFile; fileRef = BB5818F82D2129D700F6A846 /* DismissButton.swift */; };
		BB6C851D2D1A5825005C4D0B /* CatodoroUITests.swift in Sources */ = {isa = PBXBuildFile; fileRef = BB6C851C2D1A5825005C4D0B /* CatodoroUITests.swift */; };
		BB6C851F2D1A5825005C4D0B /* CatodoroUITestsLaunchTests.swift in Sources */ = {isa = PBXBuildFile; fileRef = BB6C851E2D1A5825005C4D0B /* CatodoroUITestsLaunchTests.swift */; };
		BB6C852E2D1A666F005C4D0B /* TimerViewModelTests.swift in Sources */ = {isa = PBXBuildFile; fileRef = BB6C852D2D1A666F005C4D0B /* TimerViewModelTests.swift */; };
		BB6C85312D1A66FA005C4D0B /* MockPreferences.swift in Sources */ = {isa = PBXBuildFile; fileRef = BB6C85302D1A66FA005C4D0B /* MockPreferences.swift */; };
		BB6C85332D1A6784005C4D0B /* MockAudioManager.swift in Sources */ = {isa = PBXBuildFile; fileRef = BB6C85322D1A6784005C4D0B /* MockAudioManager.swift */; };
		BB6C85352D1A8B57005C4D0B /* OptionSelectionViewModelTests.swift in Sources */ = {isa = PBXBuildFile; fileRef = BB6C85342D1A8B57005C4D0B /* OptionSelectionViewModelTests.swift */; };
		BB6C85372D1B19DB005C4D0B /* AddPresetViewController.swift in Sources */ = {isa = PBXBuildFile; fileRef = BB6C85362D1B19DB005C4D0B /* AddPresetViewController.swift */; };
		BB7AFB362D0B286B00801CAA /* PresetListViewCell.swift in Sources */ = {isa = PBXBuildFile; fileRef = BB7AFB352D0B286B00801CAA /* PresetListViewCell.swift */; };
		BB7AFB382D0B3BD600801CAA /* PresetsViewModel.swift in Sources */ = {isa = PBXBuildFile; fileRef = BB7AFB372D0B3BD600801CAA /* PresetsViewModel.swift */; };
		BB7AFB3A2D0B436600801CAA /* PresetModel.swift in Sources */ = {isa = PBXBuildFile; fileRef = BB7AFB392D0B436600801CAA /* PresetModel.swift */; };
		BB7AFB3C2D0B4DAA00801CAA /* NSLayoutConstraint+Extensions.swift in Sources */ = {isa = PBXBuildFile; fileRef = BB7AFB3B2D0B4DAA00801CAA /* NSLayoutConstraint+Extensions.swift */; };
		BB8D283D2CE14E57001D73B1 /* TimerStartButton.swift in Sources */ = {isa = PBXBuildFile; fileRef = BB8D283C2CE14E57001D73B1 /* TimerStartButton.swift */; };
		BB8D283F2CE15000001D73B1 /* SettingSubtitleLabel.swift in Sources */ = {isa = PBXBuildFile; fileRef = BB8D283E2CE15000001D73B1 /* SettingSubtitleLabel.swift */; };
		BB8D28432CE1559D001D73B1 /* TimerView.swift in Sources */ = {isa = PBXBuildFile; fileRef = BB8D28422CE1559D001D73B1 /* TimerView.swift */; };
		BB8D28452CE1595E001D73B1 /* SettingsViewModel.swift in Sources */ = {isa = PBXBuildFile; fileRef = BB8D28442CE1595E001D73B1 /* SettingsViewModel.swift */; };
		BB8D28472CE1597E001D73B1 /* ColorOptionModel.swift in Sources */ = {isa = PBXBuildFile; fileRef = BB8D28462CE1597E001D73B1 /* ColorOptionModel.swift */; };
		BB8D28502CE15EE6001D73B1 /* cat_meow_regular.mp3 in Resources */ = {isa = PBXBuildFile; fileRef = BB8D284E2CE15EE6001D73B1 /* cat_meow_regular.mp3 */; };
		BB8D28512CE15EE6001D73B1 /* cat_meow_loud.mp3 in Resources */ = {isa = PBXBuildFile; fileRef = BB8D284D2CE15EE6001D73B1 /* cat_meow_loud.mp3 */; };
		BB8D28522CE15EE6001D73B1 /* kitty_meow.mp3 in Resources */ = {isa = PBXBuildFile; fileRef = BB8D284F2CE15EE6001D73B1 /* kitty_meow.mp3 */; };
		BB8D28532CE15EE6001D73B1 /* angry_cat.mp3 in Resources */ = {isa = PBXBuildFile; fileRef = BB8D284C2CE15EE6001D73B1 /* angry_cat.mp3 */; };
		BB8D28572CE18E4B001D73B1 /* TimerConfigView.swift in Sources */ = {isa = PBXBuildFile; fileRef = BB8D28562CE18E4B001D73B1 /* TimerConfigView.swift */; };
		BB8D28592CE18E73001D73B1 /* TimerConfigSubTitle.swift in Sources */ = {isa = PBXBuildFile; fileRef = BB8D28582CE18E73001D73B1 /* TimerConfigSubTitle.swift */; };
		BBA3CDA22C866749002A3E7B /* UIStackView+Extensions.swift in Sources */ = {isa = PBXBuildFile; fileRef = BBA3CDA12C866749002A3E7B /* UIStackView+Extensions.swift */; };
		BBA3CDA42C866A3F002A3E7B /* UIImage+Extensions.swift in Sources */ = {isa = PBXBuildFile; fileRef = BBA3CDA32C866A3F002A3E7B /* UIImage+Extensions.swift */; };
		BBA3CDA62C868CA6002A3E7B /* TimeInterval+Extensions.swift in Sources */ = {isa = PBXBuildFile; fileRef = BBA3CDA52C868CA6002A3E7B /* TimeInterval+Extensions.swift */; };
		BBD7253F2D43E5FC00FCF62E /* MockLiveActivityManager.swift in Sources */ = {isa = PBXBuildFile; fileRef = BBD7253E2D43E5FC00FCF62E /* MockLiveActivityManager.swift */; };
		BBEA02C12D1C6AE300922951 /* StopButtonTests.swift in Sources */ = {isa = PBXBuildFile; fileRef = BBEA02C02D1C6AE300922951 /* StopButtonTests.swift */; };
		BBEA02C32D1C6B5700922951 /* TimePickerViewTests.swift in Sources */ = {isa = PBXBuildFile; fileRef = BBEA02C22D1C6B5700922951 /* TimePickerViewTests.swift */; };
		BBEA02C52D1C6C5300922951 /* TimerCircleViewTests.swift in Sources */ = {isa = PBXBuildFile; fileRef = BBEA02C42D1C6C5300922951 /* TimerCircleViewTests.swift */; };
		BBEA02C72D1C6ED700922951 /* TimerConfigSubTitleTests.swift in Sources */ = {isa = PBXBuildFile; fileRef = BBEA02C62D1C6ED700922951 /* TimerConfigSubTitleTests.swift */; };
		BBEA02C92D1C6F0200922951 /* TimerConfigViewTests.swift in Sources */ = {isa = PBXBuildFile; fileRef = BBEA02C82D1C6F0200922951 /* TimerConfigViewTests.swift */; };
		BBEA02CB2D1C784800922951 /* TimerPickerViewTests.swift in Sources */ = {isa = PBXBuildFile; fileRef = BBEA02CA2D1C784800922951 /* TimerPickerViewTests.swift */; };
		BBEA02CD2D1C797700922951 /* TimerStartButtonTests.swift in Sources */ = {isa = PBXBuildFile; fileRef = BBEA02CC2D1C797700922951 /* TimerStartButtonTests.swift */; };
		BBEA02CF2D1C7CAF00922951 /* TimerViewTests.swift in Sources */ = {isa = PBXBuildFile; fileRef = BBEA02CE2D1C7CAF00922951 /* TimerViewTests.swift */; };
		BBEA02D12D1CE3D600922951 /* PresetListViewCellTests.swift in Sources */ = {isa = PBXBuildFile; fileRef = BBEA02D02D1CE3D600922951 /* PresetListViewCellTests.swift */; };
		BBEA02D32D1CFF0100922951 /* OptionSelectionViewCellTests.swift in Sources */ = {isa = PBXBuildFile; fileRef = BBEA02D22D1CFF0100922951 /* OptionSelectionViewCellTests.swift */; };
		BBEA02D52D1D006900922951 /* SettingOptionsViewCellTests.swift in Sources */ = {isa = PBXBuildFile; fileRef = BBEA02D42D1D006900922951 /* SettingOptionsViewCellTests.swift */; };
		BBEA02D72D1D011500922951 /* SettingSubtitleLabelTests.swift in Sources */ = {isa = PBXBuildFile; fileRef = BBEA02D62D1D011500922951 /* SettingSubtitleLabelTests.swift */; };
		BBEA02DB2D1D01BF00922951 /* BaseOptionSelectionViewControllerTests.swift in Sources */ = {isa = PBXBuildFile; fileRef = BBEA02DA2D1D01BF00922951 /* BaseOptionSelectionViewControllerTests.swift */; };
		BBEA02DD2D1D01EF00922951 /* MockCoordinator.swift in Sources */ = {isa = PBXBuildFile; fileRef = BBEA02DC2D1D01EF00922951 /* MockCoordinator.swift */; };
		BBEA02DF2D1D02D400922951 /* BaseNavigationControllerTests.swift in Sources */ = {isa = PBXBuildFile; fileRef = BBEA02DE2D1D02D400922951 /* BaseNavigationControllerTests.swift */; };
		BBEA02E12D1D035900922951 /* AddPresetViewControllerTests.swift in Sources */ = {isa = PBXBuildFile; fileRef = BBEA02E02D1D035900922951 /* AddPresetViewControllerTests.swift */; };
		BBEA02E32D1D07C200922951 /* MockTimerConfigViewModel.swift in Sources */ = {isa = PBXBuildFile; fileRef = BBEA02E22D1D07C200922951 /* MockTimerConfigViewModel.swift */; };
		BBEA02E52D1D07FC00922951 /* PresetsViewControllerTests.swift in Sources */ = {isa = PBXBuildFile; fileRef = BBEA02E42D1D07FC00922951 /* PresetsViewControllerTests.swift */; };
		BBEA02E72D1D0ADB00922951 /* MockPresetsViewModel.swift in Sources */ = {isa = PBXBuildFile; fileRef = BBEA02E62D1D0ADB00922951 /* MockPresetsViewModel.swift */; };
		BBF4F4582C763FF80079448E /* AppDelegate.swift in Sources */ = {isa = PBXBuildFile; fileRef = BBF4F4572C763FF80079448E /* AppDelegate.swift */; };
		BBF4F45A2C763FF80079448E /* SceneDelegate.swift in Sources */ = {isa = PBXBuildFile; fileRef = BBF4F4592C763FF80079448E /* SceneDelegate.swift */; };
		BBF4F4612C763FF90079448E /* Assets.xcassets in Resources */ = {isa = PBXBuildFile; fileRef = BBF4F4602C763FF90079448E /* Assets.xcassets */; };
		BBF4F4642C763FF90079448E /* Base in Resources */ = {isa = PBXBuildFile; fileRef = BBF4F4632C763FF90079448E /* Base */; };
		BBF4F4702C76441F0079448E /* Coordinator.swift in Sources */ = {isa = PBXBuildFile; fileRef = BBF4F46F2C76441F0079448E /* Coordinator.swift */; };
		BBF4F4722C7644A20079448E /* TabCoordinator.swift in Sources */ = {isa = PBXBuildFile; fileRef = BBF4F4712C7644A20079448E /* TabCoordinator.swift */; };
		BBF4F4762C7644FB0079448E /* BaseNavigationController.swift in Sources */ = {isa = PBXBuildFile; fileRef = BBF4F4752C7644FB0079448E /* BaseNavigationController.swift */; };
		BBF4F47C2C7646EE0079448E /* NSObject+Extensions.swift in Sources */ = {isa = PBXBuildFile; fileRef = BBF4F47B2C7646EE0079448E /* NSObject+Extensions.swift */; };
		BBF4F4802C7648510079448E /* TimerViewController.swift in Sources */ = {isa = PBXBuildFile; fileRef = BBF4F47F2C7648510079448E /* TimerViewController.swift */; };
		BBF4F4822C7648820079448E /* SettingsViewController.swift in Sources */ = {isa = PBXBuildFile; fileRef = BBF4F4812C7648820079448E /* SettingsViewController.swift */; };
		BBF4F4842C7654A10079448E /* TimerCoordiantor.swift in Sources */ = {isa = PBXBuildFile; fileRef = BBF4F4832C7654A10079448E /* TimerCoordiantor.swift */; };
		BBF4F4862C7673ED0079448E /* MainCoordinator.swift in Sources */ = {isa = PBXBuildFile; fileRef = BBF4F4852C7673ED0079448E /* MainCoordinator.swift */; };
		BBF4F4882C767A420079448E /* SettingsCoordinator.swift in Sources */ = {isa = PBXBuildFile; fileRef = BBF4F4872C767A420079448E /* SettingsCoordinator.swift */; };
		BBF4F48A2C76B5E10079448E /* PresetsCoordinator.swift in Sources */ = {isa = PBXBuildFile; fileRef = BBF4F4892C76B5E10079448E /* PresetsCoordinator.swift */; };
		BBF4F48C2C76B61A0079448E /* PresetsViewController.swift in Sources */ = {isa = PBXBuildFile; fileRef = BBF4F48B2C76B61A0079448E /* PresetsViewController.swift */; };
		BBF4F48E2C76D2C90079448E /* TimerViewModel.swift in Sources */ = {isa = PBXBuildFile; fileRef = BBF4F48D2C76D2C90079448E /* TimerViewModel.swift */; };
		BBF4F4912C76D3B10079448E /* CatodoroPersistentController.swift in Sources */ = {isa = PBXBuildFile; fileRef = BBF4F4902C76D3B10079448E /* CatodoroPersistentController.swift */; };
		BBFE8DE92D2617D600F898B0 /* BaseViewController.swift in Sources */ = {isa = PBXBuildFile; fileRef = BBFE8DE82D2617D600F898B0 /* BaseViewController.swift */; };
		BBFE8DED2D261BF100F898B0 /* BaseView.swift in Sources */ = {isa = PBXBuildFile; fileRef = BBFE8DEB2D261B8800F898B0 /* BaseView.swift */; };
		BBFE8DEF2D261CDB00F898B0 /* BaseTableViewCell.swift in Sources */ = {isa = PBXBuildFile; fileRef = BBFE8DEE2D261CDB00F898B0 /* BaseTableViewCell.swift */; };
/* End PBXBuildFile section */

/* Begin PBXContainerItemProxy section */
		BB4CF7772D35986100B0946C /* PBXContainerItemProxy */ = {
			isa = PBXContainerItemProxy;
			containerPortal = BBF4F44C2C763FF80079448E /* Project object */;
			proxyType = 1;
			remoteGlobalIDString = BB4CF76B2D35986000B0946C;
			remoteInfo = CatodoroShared;
		};
		BB4CF7792D35986100B0946C /* PBXContainerItemProxy */ = {
			isa = PBXContainerItemProxy;
			containerPortal = BBF4F44C2C763FF80079448E /* Project object */;
			proxyType = 1;
			remoteGlobalIDString = BBF4F4532C763FF80079448E;
			remoteInfo = Catodoro;
		};
		BB4CF77F2D35986100B0946C /* PBXContainerItemProxy */ = {
			isa = PBXContainerItemProxy;
			containerPortal = BBF4F44C2C763FF80079448E /* Project object */;
			proxyType = 1;
			remoteGlobalIDString = BB4CF76B2D35986000B0946C;
			remoteInfo = CatodoroShared;
		};
		BB522A562D40AB4F0064F9DC /* PBXContainerItemProxy */ = {
			isa = PBXContainerItemProxy;
			containerPortal = BBF4F44C2C763FF80079448E /* Project object */;
			proxyType = 1;
			remoteGlobalIDString = BB522A482D40AB4E0064F9DC;
			remoteInfo = CatodoroWidgetExtension;
		};
		BB6C85112D1A5808005C4D0B /* PBXContainerItemProxy */ = {
			isa = PBXContainerItemProxy;
			containerPortal = BBF4F44C2C763FF80079448E /* Project object */;
			proxyType = 1;
			remoteGlobalIDString = BBF4F4532C763FF80079448E;
			remoteInfo = Catodoro;
		};
		BB6C85202D1A5825005C4D0B /* PBXContainerItemProxy */ = {
			isa = PBXContainerItemProxy;
			containerPortal = BBF4F44C2C763FF80079448E /* Project object */;
			proxyType = 1;
			remoteGlobalIDString = BBF4F4532C763FF80079448E;
			remoteInfo = Catodoro;
		};
/* End PBXContainerItemProxy section */

/* Begin PBXCopyFilesBuildPhase section */
		BB4CF7872D35986100B0946C /* Embed Frameworks */ = {
			isa = PBXCopyFilesBuildPhase;
			buildActionMask = 12;
			dstPath = "";
			dstSubfolderSpec = 10;
			files = (
				BB4CF7822D35986100B0946C /* CatodoroShared.framework in Embed Frameworks */,
			);
			name = "Embed Frameworks";
			runOnlyForDeploymentPostprocessing = 0;
		};
		BBFE8E0D2D2F6CEC00F898B0 /* Embed Foundation Extensions */ = {
			isa = PBXCopyFilesBuildPhase;
			buildActionMask = 12;
			dstPath = "";
			dstSubfolderSpec = 13;
			files = (
				BB522A582D40AB4F0064F9DC /* CatodoroWidgetExtension.appex in Embed Foundation Extensions */,
			);
			name = "Embed Foundation Extensions";
			runOnlyForDeploymentPostprocessing = 0;
		};
/* End PBXCopyFilesBuildPhase section */

/* Begin PBXFileReference section */
		BB07847C2D1B293E004BF908 /* CatodoroCoreData.xcdatamodel */ = {isa = PBXFileReference; lastKnownFileType = wrapper.xcdatamodel; path = CatodoroCoreData.xcdatamodel; sourceTree = "<group>"; };
		BB0784832D1BBC60004BF908 /* PawButtonTests.swift */ = {isa = PBXFileReference; lastKnownFileType = sourcecode.swift; path = PawButtonTests.swift; sourceTree = "<group>"; };
		BB0784852D1BC57B004BF908 /* PlayPauseButtonTests.swift */ = {isa = PBXFileReference; lastKnownFileType = sourcecode.swift; path = PlayPauseButtonTests.swift; sourceTree = "<group>"; };
		BB0B25D02C9CF5F000487314 /* StopButton.swift */ = {isa = PBXFileReference; lastKnownFileType = sourcecode.swift; path = StopButton.swift; sourceTree = "<group>"; };
		BB1817B82C7EB23300BF8DA8 /* TimerCircleView.swift */ = {isa = PBXFileReference; lastKnownFileType = sourcecode.swift; path = TimerCircleView.swift; sourceTree = "<group>"; };
		BB1817BA2C7EB31800BF8DA8 /* PlayPauseButton.swift */ = {isa = PBXFileReference; lastKnownFileType = sourcecode.swift; path = PlayPauseButton.swift; sourceTree = "<group>"; };
		BB1817BD2C7EB57B00BF8DA8 /* UIView+Extensions.swift */ = {isa = PBXFileReference; lastKnownFileType = sourcecode.swift; path = "UIView+Extensions.swift"; sourceTree = "<group>"; };
		BB1817BF2C7EC35B00BF8DA8 /* Int+Extensions.swift */ = {isa = PBXFileReference; lastKnownFileType = sourcecode.swift; path = "Int+Extensions.swift"; sourceTree = "<group>"; };
		BB479AB02CB487E7000CBE6D /* TimerPickerView.swift */ = {isa = PBXFileReference; lastKnownFileType = sourcecode.swift; path = TimerPickerView.swift; sourceTree = "<group>"; };
		BB479AB62CB49013000CBE6D /* TimePickerView.swift */ = {isa = PBXFileReference; lastKnownFileType = sourcecode.swift; path = TimePickerView.swift; sourceTree = "<group>"; };
		BB479AB82CC87A1C000CBE6D /* UIButton+Extensions.swift */ = {isa = PBXFileReference; lastKnownFileType = sourcecode.swift; path = "UIButton+Extensions.swift"; sourceTree = "<group>"; };
		BB479ABF2CC88164000CBE6D /* hungry_cat.mp3 */ = {isa = PBXFileReference; lastKnownFileType = audio.mp3; path = hungry_cat.mp3; sourceTree = "<group>"; };
		BB479AC32CC883D1000CBE6D /* AudioManager.swift */ = {isa = PBXFileReference; lastKnownFileType = sourcecode.swift; path = AudioManager.swift; sourceTree = "<group>"; };
		BB479AC52CC9D228000CBE6D /* PawButton.swift */ = {isa = PBXFileReference; lastKnownFileType = sourcecode.swift; path = PawButton.swift; sourceTree = "<group>"; };
		BB49DC5D2D07AE14001E3CDC /* SettingOptionsViewCell.swift */ = {isa = PBXFileReference; lastKnownFileType = sourcecode.swift; path = SettingOptionsViewCell.swift; sourceTree = "<group>"; };
		BB49DC632D08CC3A001E3CDC /* CatodoroPreferences.swift */ = {isa = PBXFileReference; lastKnownFileType = sourcecode.swift; path = CatodoroPreferences.swift; sourceTree = "<group>"; };
		BB49DC662D08D167001E3CDC /* ColorOptions.swift */ = {isa = PBXFileReference; lastKnownFileType = sourcecode.swift; path = ColorOptions.swift; sourceTree = "<group>"; };
		BB49DC682D08EEAE001E3CDC /* SoundOptions.swift */ = {isa = PBXFileReference; lastKnownFileType = sourcecode.swift; path = SoundOptions.swift; sourceTree = "<group>"; };
		BB49DC6C2D08EFE2001E3CDC /* OptionSelectionViewCell.swift */ = {isa = PBXFileReference; lastKnownFileType = sourcecode.swift; path = OptionSelectionViewCell.swift; sourceTree = "<group>"; };
		BB49DC6E2D08F31A001E3CDC /* ColorSelectionViewController.swift */ = {isa = PBXFileReference; lastKnownFileType = sourcecode.swift; path = ColorSelectionViewController.swift; sourceTree = "<group>"; };
		BB49DC702D08F33D001E3CDC /* OptionSelectionViewModel.swift */ = {isa = PBXFileReference; lastKnownFileType = sourcecode.swift; path = OptionSelectionViewModel.swift; sourceTree = "<group>"; };
		BB49DC722D08F859001E3CDC /* BaseOptionSelectionViewController.swift */ = {isa = PBXFileReference; lastKnownFileType = sourcecode.swift; path = BaseOptionSelectionViewController.swift; sourceTree = "<group>"; };
		BB49DC742D08FA37001E3CDC /* SoundSelectionViewController.swift */ = {isa = PBXFileReference; lastKnownFileType = sourcecode.swift; path = SoundSelectionViewController.swift; sourceTree = "<group>"; };
		BB4CF7592D34662700B0946C /* Catodoro.entitlements */ = {isa = PBXFileReference; lastKnownFileType = text.plist.entitlements; path = Catodoro.entitlements; sourceTree = "<group>"; };
		BB4CF75A2D34666100B0946C /* CatodoroWidgetExtension.entitlements */ = {isa = PBXFileReference; lastKnownFileType = text.plist.entitlements; path = CatodoroWidgetExtension.entitlements; sourceTree = "<group>"; };
		BB4CF75B2D3466DF00B0946C /* CatodoroSharedPreferences.swift */ = {isa = PBXFileReference; lastKnownFileType = sourcecode.swift; path = CatodoroSharedPreferences.swift; sourceTree = "<group>"; };
		BB4CF7612D34A41100B0946C /* LiveActivityManager.swift */ = {isa = PBXFileReference; lastKnownFileType = sourcecode.swift; path = LiveActivityManager.swift; sourceTree = "<group>"; };
		BB4CF76C2D35986000B0946C /* CatodoroShared.framework */ = {isa = PBXFileReference; explicitFileType = wrapper.framework; includeInIndex = 0; path = CatodoroShared.framework; sourceTree = BUILT_PRODUCTS_DIR; };
		BB4CF7752D35986100B0946C /* CatodoroSharedTests.xctest */ = {isa = PBXFileReference; explicitFileType = wrapper.cfbundle; includeInIndex = 0; path = CatodoroSharedTests.xctest; sourceTree = BUILT_PRODUCTS_DIR; };
		BB4E43422D191B2300C34D04 /* CatodoroCoreDataManager.swift */ = {isa = PBXFileReference; lastKnownFileType = sourcecode.swift; path = CatodoroCoreDataManager.swift; sourceTree = "<group>"; };
		BB516E442CAB933C0004B95C /* TimerConfigViewController.swift */ = {isa = PBXFileReference; lastKnownFileType = sourcecode.swift; path = TimerConfigViewController.swift; sourceTree = "<group>"; };
		BB516E462CAB94D70004B95C /* TimerConfigViewModel.swift */ = {isa = PBXFileReference; lastKnownFileType = sourcecode.swift; path = TimerConfigViewModel.swift; sourceTree = "<group>"; };
		BB516E4A2CAB97B90004B95C /* TimerModel.swift */ = {isa = PBXFileReference; lastKnownFileType = sourcecode.swift; path = TimerModel.swift; sourceTree = "<group>"; };
		BB516E4D2CAB98930004B95C /* TimerConfigModel.swift */ = {isa = PBXFileReference; lastKnownFileType = sourcecode.swift; path = TimerConfigModel.swift; sourceTree = "<group>"; };
		BB522A492D40AB4E0064F9DC /* CatodoroWidgetExtension.appex */ = {isa = PBXFileReference; explicitFileType = "wrapper.app-extension"; includeInIndex = 0; path = CatodoroWidgetExtension.appex; sourceTree = BUILT_PRODUCTS_DIR; };
		BB522A622D40ACFF0064F9DC /* ActivityKit.framework */ = {isa = PBXFileReference; lastKnownFileType = wrapper.framework; name = ActivityKit.framework; path = System/Library/Frameworks/ActivityKit.framework; sourceTree = SDKROOT; };
		BB5818F82D2129D700F6A846 /* DismissButton.swift */ = {isa = PBXFileReference; lastKnownFileType = sourcecode.swift; path = DismissButton.swift; sourceTree = "<group>"; };
		BB6C850D2D1A5807005C4D0B /* CatodoroTests.xctest */ = {isa = PBXFileReference; explicitFileType = wrapper.cfbundle; includeInIndex = 0; path = CatodoroTests.xctest; sourceTree = BUILT_PRODUCTS_DIR; };
		BB6C851A2D1A5825005C4D0B /* CatodoroUITests.xctest */ = {isa = PBXFileReference; explicitFileType = wrapper.cfbundle; includeInIndex = 0; path = CatodoroUITests.xctest; sourceTree = BUILT_PRODUCTS_DIR; };
		BB6C851C2D1A5825005C4D0B /* CatodoroUITests.swift */ = {isa = PBXFileReference; lastKnownFileType = sourcecode.swift; path = CatodoroUITests.swift; sourceTree = "<group>"; };
		BB6C851E2D1A5825005C4D0B /* CatodoroUITestsLaunchTests.swift */ = {isa = PBXFileReference; lastKnownFileType = sourcecode.swift; path = CatodoroUITestsLaunchTests.swift; sourceTree = "<group>"; };
		BB6C852D2D1A666F005C4D0B /* TimerViewModelTests.swift */ = {isa = PBXFileReference; lastKnownFileType = sourcecode.swift; path = TimerViewModelTests.swift; sourceTree = "<group>"; };
		BB6C85302D1A66FA005C4D0B /* MockPreferences.swift */ = {isa = PBXFileReference; lastKnownFileType = sourcecode.swift; path = MockPreferences.swift; sourceTree = "<group>"; };
		BB6C85322D1A6784005C4D0B /* MockAudioManager.swift */ = {isa = PBXFileReference; lastKnownFileType = sourcecode.swift; path = MockAudioManager.swift; sourceTree = "<group>"; };
		BB6C85342D1A8B57005C4D0B /* OptionSelectionViewModelTests.swift */ = {isa = PBXFileReference; lastKnownFileType = sourcecode.swift; path = OptionSelectionViewModelTests.swift; sourceTree = "<group>"; };
		BB6C85362D1B19DB005C4D0B /* AddPresetViewController.swift */ = {isa = PBXFileReference; lastKnownFileType = sourcecode.swift; path = AddPresetViewController.swift; sourceTree = "<group>"; };
		BB7AFB352D0B286B00801CAA /* PresetListViewCell.swift */ = {isa = PBXFileReference; lastKnownFileType = sourcecode.swift; path = PresetListViewCell.swift; sourceTree = "<group>"; };
		BB7AFB372D0B3BD600801CAA /* PresetsViewModel.swift */ = {isa = PBXFileReference; lastKnownFileType = sourcecode.swift; path = PresetsViewModel.swift; sourceTree = "<group>"; };
		BB7AFB392D0B436600801CAA /* PresetModel.swift */ = {isa = PBXFileReference; lastKnownFileType = sourcecode.swift; path = PresetModel.swift; sourceTree = "<group>"; };
		BB7AFB3B2D0B4DAA00801CAA /* NSLayoutConstraint+Extensions.swift */ = {isa = PBXFileReference; lastKnownFileType = sourcecode.swift; path = "NSLayoutConstraint+Extensions.swift"; sourceTree = "<group>"; };
		BB8D283C2CE14E57001D73B1 /* TimerStartButton.swift */ = {isa = PBXFileReference; lastKnownFileType = sourcecode.swift; path = TimerStartButton.swift; sourceTree = "<group>"; };
		BB8D283E2CE15000001D73B1 /* SettingSubtitleLabel.swift */ = {isa = PBXFileReference; lastKnownFileType = sourcecode.swift; path = SettingSubtitleLabel.swift; sourceTree = "<group>"; };
		BB8D28422CE1559D001D73B1 /* TimerView.swift */ = {isa = PBXFileReference; lastKnownFileType = sourcecode.swift; path = TimerView.swift; sourceTree = "<group>"; };
		BB8D28442CE1595E001D73B1 /* SettingsViewModel.swift */ = {isa = PBXFileReference; lastKnownFileType = sourcecode.swift; path = SettingsViewModel.swift; sourceTree = "<group>"; };
		BB8D28462CE1597E001D73B1 /* ColorOptionModel.swift */ = {isa = PBXFileReference; lastKnownFileType = sourcecode.swift; path = ColorOptionModel.swift; sourceTree = "<group>"; };
		BB8D284C2CE15EE6001D73B1 /* angry_cat.mp3 */ = {isa = PBXFileReference; lastKnownFileType = audio.mp3; path = angry_cat.mp3; sourceTree = "<group>"; };
		BB8D284D2CE15EE6001D73B1 /* cat_meow_loud.mp3 */ = {isa = PBXFileReference; lastKnownFileType = audio.mp3; path = cat_meow_loud.mp3; sourceTree = "<group>"; };
		BB8D284E2CE15EE6001D73B1 /* cat_meow_regular.mp3 */ = {isa = PBXFileReference; lastKnownFileType = audio.mp3; path = cat_meow_regular.mp3; sourceTree = "<group>"; };
		BB8D284F2CE15EE6001D73B1 /* kitty_meow.mp3 */ = {isa = PBXFileReference; lastKnownFileType = audio.mp3; path = kitty_meow.mp3; sourceTree = "<group>"; };
		BB8D28562CE18E4B001D73B1 /* TimerConfigView.swift */ = {isa = PBXFileReference; lastKnownFileType = sourcecode.swift; path = TimerConfigView.swift; sourceTree = "<group>"; };
		BB8D28582CE18E73001D73B1 /* TimerConfigSubTitle.swift */ = {isa = PBXFileReference; lastKnownFileType = sourcecode.swift; path = TimerConfigSubTitle.swift; sourceTree = "<group>"; };
		BBA3CDA12C866749002A3E7B /* UIStackView+Extensions.swift */ = {isa = PBXFileReference; lastKnownFileType = sourcecode.swift; path = "UIStackView+Extensions.swift"; sourceTree = "<group>"; };
		BBA3CDA32C866A3F002A3E7B /* UIImage+Extensions.swift */ = {isa = PBXFileReference; lastKnownFileType = sourcecode.swift; path = "UIImage+Extensions.swift"; sourceTree = "<group>"; };
		BBA3CDA52C868CA6002A3E7B /* TimeInterval+Extensions.swift */ = {isa = PBXFileReference; lastKnownFileType = sourcecode.swift; path = "TimeInterval+Extensions.swift"; sourceTree = "<group>"; };
		BBD7253E2D43E5FC00FCF62E /* MockLiveActivityManager.swift */ = {isa = PBXFileReference; lastKnownFileType = sourcecode.swift; path = MockLiveActivityManager.swift; sourceTree = "<group>"; };
		BBEA02C02D1C6AE300922951 /* StopButtonTests.swift */ = {isa = PBXFileReference; lastKnownFileType = sourcecode.swift; path = StopButtonTests.swift; sourceTree = "<group>"; };
		BBEA02C22D1C6B5700922951 /* TimePickerViewTests.swift */ = {isa = PBXFileReference; lastKnownFileType = sourcecode.swift; path = TimePickerViewTests.swift; sourceTree = "<group>"; };
		BBEA02C42D1C6C5300922951 /* TimerCircleViewTests.swift */ = {isa = PBXFileReference; lastKnownFileType = sourcecode.swift; path = TimerCircleViewTests.swift; sourceTree = "<group>"; };
		BBEA02C62D1C6ED700922951 /* TimerConfigSubTitleTests.swift */ = {isa = PBXFileReference; lastKnownFileType = sourcecode.swift; path = TimerConfigSubTitleTests.swift; sourceTree = "<group>"; };
		BBEA02C82D1C6F0200922951 /* TimerConfigViewTests.swift */ = {isa = PBXFileReference; lastKnownFileType = sourcecode.swift; path = TimerConfigViewTests.swift; sourceTree = "<group>"; };
		BBEA02CA2D1C784800922951 /* TimerPickerViewTests.swift */ = {isa = PBXFileReference; lastKnownFileType = sourcecode.swift; path = TimerPickerViewTests.swift; sourceTree = "<group>"; };
		BBEA02CC2D1C797700922951 /* TimerStartButtonTests.swift */ = {isa = PBXFileReference; lastKnownFileType = sourcecode.swift; path = TimerStartButtonTests.swift; sourceTree = "<group>"; };
		BBEA02CE2D1C7CAF00922951 /* TimerViewTests.swift */ = {isa = PBXFileReference; lastKnownFileType = sourcecode.swift; path = TimerViewTests.swift; sourceTree = "<group>"; };
		BBEA02D02D1CE3D600922951 /* PresetListViewCellTests.swift */ = {isa = PBXFileReference; lastKnownFileType = sourcecode.swift; path = PresetListViewCellTests.swift; sourceTree = "<group>"; };
		BBEA02D22D1CFF0100922951 /* OptionSelectionViewCellTests.swift */ = {isa = PBXFileReference; lastKnownFileType = sourcecode.swift; path = OptionSelectionViewCellTests.swift; sourceTree = "<group>"; };
		BBEA02D42D1D006900922951 /* SettingOptionsViewCellTests.swift */ = {isa = PBXFileReference; lastKnownFileType = sourcecode.swift; path = SettingOptionsViewCellTests.swift; sourceTree = "<group>"; };
		BBEA02D62D1D011500922951 /* SettingSubtitleLabelTests.swift */ = {isa = PBXFileReference; lastKnownFileType = sourcecode.swift; path = SettingSubtitleLabelTests.swift; sourceTree = "<group>"; };
		BBEA02DA2D1D01BF00922951 /* BaseOptionSelectionViewControllerTests.swift */ = {isa = PBXFileReference; lastKnownFileType = sourcecode.swift; path = BaseOptionSelectionViewControllerTests.swift; sourceTree = "<group>"; };
		BBEA02DC2D1D01EF00922951 /* MockCoordinator.swift */ = {isa = PBXFileReference; lastKnownFileType = sourcecode.swift; path = MockCoordinator.swift; sourceTree = "<group>"; };
		BBEA02DE2D1D02D400922951 /* BaseNavigationControllerTests.swift */ = {isa = PBXFileReference; lastKnownFileType = sourcecode.swift; path = BaseNavigationControllerTests.swift; sourceTree = "<group>"; };
		BBEA02E02D1D035900922951 /* AddPresetViewControllerTests.swift */ = {isa = PBXFileReference; lastKnownFileType = sourcecode.swift; path = AddPresetViewControllerTests.swift; sourceTree = "<group>"; };
		BBEA02E22D1D07C200922951 /* MockTimerConfigViewModel.swift */ = {isa = PBXFileReference; lastKnownFileType = sourcecode.swift; path = MockTimerConfigViewModel.swift; sourceTree = "<group>"; };
		BBEA02E42D1D07FC00922951 /* PresetsViewControllerTests.swift */ = {isa = PBXFileReference; lastKnownFileType = sourcecode.swift; path = PresetsViewControllerTests.swift; sourceTree = "<group>"; };
		BBEA02E62D1D0ADB00922951 /* MockPresetsViewModel.swift */ = {isa = PBXFileReference; lastKnownFileType = sourcecode.swift; path = MockPresetsViewModel.swift; sourceTree = "<group>"; };
		BBF4F4542C763FF80079448E /* Catodoro.app */ = {isa = PBXFileReference; explicitFileType = wrapper.application; includeInIndex = 0; path = Catodoro.app; sourceTree = BUILT_PRODUCTS_DIR; };
		BBF4F4572C763FF80079448E /* AppDelegate.swift */ = {isa = PBXFileReference; lastKnownFileType = sourcecode.swift; path = AppDelegate.swift; sourceTree = "<group>"; };
		BBF4F4592C763FF80079448E /* SceneDelegate.swift */ = {isa = PBXFileReference; lastKnownFileType = sourcecode.swift; path = SceneDelegate.swift; sourceTree = "<group>"; };
		BBF4F4602C763FF90079448E /* Assets.xcassets */ = {isa = PBXFileReference; lastKnownFileType = folder.assetcatalog; path = Assets.xcassets; sourceTree = "<group>"; };
		BBF4F4632C763FF90079448E /* Base */ = {isa = PBXFileReference; lastKnownFileType = file.storyboard; name = Base; path = Base.lproj/LaunchScreen.storyboard; sourceTree = "<group>"; };
		BBF4F4652C763FF90079448E /* Info.plist */ = {isa = PBXFileReference; lastKnownFileType = text.plist.xml; path = Info.plist; sourceTree = "<group>"; };
		BBF4F46F2C76441F0079448E /* Coordinator.swift */ = {isa = PBXFileReference; lastKnownFileType = sourcecode.swift; path = Coordinator.swift; sourceTree = "<group>"; };
		BBF4F4712C7644A20079448E /* TabCoordinator.swift */ = {isa = PBXFileReference; lastKnownFileType = sourcecode.swift; path = TabCoordinator.swift; sourceTree = "<group>"; };
		BBF4F4752C7644FB0079448E /* BaseNavigationController.swift */ = {isa = PBXFileReference; lastKnownFileType = sourcecode.swift; path = BaseNavigationController.swift; sourceTree = "<group>"; };
		BBF4F47B2C7646EE0079448E /* NSObject+Extensions.swift */ = {isa = PBXFileReference; lastKnownFileType = sourcecode.swift; path = "NSObject+Extensions.swift"; sourceTree = "<group>"; };
		BBF4F47F2C7648510079448E /* TimerViewController.swift */ = {isa = PBXFileReference; lastKnownFileType = sourcecode.swift; path = TimerViewController.swift; sourceTree = "<group>"; };
		BBF4F4812C7648820079448E /* SettingsViewController.swift */ = {isa = PBXFileReference; lastKnownFileType = sourcecode.swift; path = SettingsViewController.swift; sourceTree = "<group>"; };
		BBF4F4832C7654A10079448E /* TimerCoordiantor.swift */ = {isa = PBXFileReference; lastKnownFileType = sourcecode.swift; path = TimerCoordiantor.swift; sourceTree = "<group>"; };
		BBF4F4852C7673ED0079448E /* MainCoordinator.swift */ = {isa = PBXFileReference; lastKnownFileType = sourcecode.swift; path = MainCoordinator.swift; sourceTree = "<group>"; };
		BBF4F4872C767A420079448E /* SettingsCoordinator.swift */ = {isa = PBXFileReference; lastKnownFileType = sourcecode.swift; path = SettingsCoordinator.swift; sourceTree = "<group>"; };
		BBF4F4892C76B5E10079448E /* PresetsCoordinator.swift */ = {isa = PBXFileReference; lastKnownFileType = sourcecode.swift; path = PresetsCoordinator.swift; sourceTree = "<group>"; };
		BBF4F48B2C76B61A0079448E /* PresetsViewController.swift */ = {isa = PBXFileReference; lastKnownFileType = sourcecode.swift; path = PresetsViewController.swift; sourceTree = "<group>"; };
		BBF4F48D2C76D2C90079448E /* TimerViewModel.swift */ = {isa = PBXFileReference; lastKnownFileType = sourcecode.swift; path = TimerViewModel.swift; sourceTree = "<group>"; };
		BBF4F4902C76D3B10079448E /* CatodoroPersistentController.swift */ = {isa = PBXFileReference; lastKnownFileType = sourcecode.swift; path = CatodoroPersistentController.swift; sourceTree = "<group>"; };
		BBFE8DE82D2617D600F898B0 /* BaseViewController.swift */ = {isa = PBXFileReference; lastKnownFileType = sourcecode.swift; path = BaseViewController.swift; sourceTree = "<group>"; };
		BBFE8DEB2D261B8800F898B0 /* BaseView.swift */ = {isa = PBXFileReference; lastKnownFileType = sourcecode.swift; path = BaseView.swift; sourceTree = "<group>"; };
		BBFE8DEE2D261CDB00F898B0 /* BaseTableViewCell.swift */ = {isa = PBXFileReference; lastKnownFileType = sourcecode.swift; path = BaseTableViewCell.swift; sourceTree = "<group>"; };
		BBFE8DF62D2F6CEB00F898B0 /* WidgetKit.framework */ = {isa = PBXFileReference; lastKnownFileType = wrapper.framework; name = WidgetKit.framework; path = System/Library/Frameworks/WidgetKit.framework; sourceTree = SDKROOT; };
		BBFE8DF82D2F6CEB00F898B0 /* SwiftUI.framework */ = {isa = PBXFileReference; lastKnownFileType = wrapper.framework; name = SwiftUI.framework; path = System/Library/Frameworks/SwiftUI.framework; sourceTree = SDKROOT; };
/* End PBXFileReference section */

/* Begin PBXFileSystemSynchronizedBuildFileExceptionSet section */
		BB4CF7832D35986100B0946C /* PBXFileSystemSynchronizedBuildFileExceptionSet */ = {
			isa = PBXFileSystemSynchronizedBuildFileExceptionSet;
			publicHeaders = (
				CatodoroShared.h,
			);
			target = BB4CF76B2D35986000B0946C /* CatodoroShared */;
		};
		BB522A592D40AB4F0064F9DC /* PBXFileSystemSynchronizedBuildFileExceptionSet */ = {
			isa = PBXFileSystemSynchronizedBuildFileExceptionSet;
			membershipExceptions = (
				Info.plist,
			);
			target = BB522A482D40AB4E0064F9DC /* CatodoroWidgetExtension */;
		};
		BB522A612D40AC200064F9DC /* PBXFileSystemSynchronizedBuildFileExceptionSet */ = {
			isa = PBXFileSystemSynchronizedBuildFileExceptionSet;
			membershipExceptions = (
				Intents/PlayTimerIntent.swift,
				Intents/StopTimerIntent.swift,
				Views/CircleButtonView.swift,
			);
			target = BBF4F4532C763FF80079448E /* Catodoro */;
		};
/* End PBXFileSystemSynchronizedBuildFileExceptionSet section */

/* Begin PBXFileSystemSynchronizedRootGroup section */
		BB4CF76D2D35986000B0946C /* CatodoroShared */ = {isa = PBXFileSystemSynchronizedRootGroup; exceptions = (BB4CF7832D35986100B0946C /* PBXFileSystemSynchronizedBuildFileExceptionSet */, ); explicitFileTypes = {}; explicitFolders = (); path = CatodoroShared; sourceTree = "<group>"; };
		BB4CF77B2D35986100B0946C /* CatodoroSharedTests */ = {isa = PBXFileSystemSynchronizedRootGroup; explicitFileTypes = {}; explicitFolders = (); path = CatodoroSharedTests; sourceTree = "<group>"; };
		BB522A4C2D40AB4E0064F9DC /* CatodoroWidget */ = {isa = PBXFileSystemSynchronizedRootGroup; exceptions = (BB522A612D40AC200064F9DC /* PBXFileSystemSynchronizedBuildFileExceptionSet */, BB522A592D40AB4F0064F9DC /* PBXFileSystemSynchronizedBuildFileExceptionSet */, ); explicitFileTypes = {}; explicitFolders = (); path = CatodoroWidget; sourceTree = "<group>"; };
/* End PBXFileSystemSynchronizedRootGroup section */

/* Begin PBXFrameworksBuildPhase section */
		BB4CF7692D35986000B0946C /* Frameworks */ = {
			isa = PBXFrameworksBuildPhase;
			buildActionMask = 2147483647;
			files = (
			);
			runOnlyForDeploymentPostprocessing = 0;
		};
		BB4CF7722D35986100B0946C /* Frameworks */ = {
			isa = PBXFrameworksBuildPhase;
			buildActionMask = 2147483647;
			files = (
				BB4CF7762D35986100B0946C /* CatodoroShared.framework in Frameworks */,
			);
			runOnlyForDeploymentPostprocessing = 0;
		};
		BB522A462D40AB4E0064F9DC /* Frameworks */ = {
			isa = PBXFrameworksBuildPhase;
			buildActionMask = 2147483647;
			files = (
				BB522A642D40AD160064F9DC /* CatodoroShared.framework in Frameworks */,
				BB522A632D40ACFF0064F9DC /* ActivityKit.framework in Frameworks */,
				BB522A4B2D40AB4E0064F9DC /* SwiftUI.framework in Frameworks */,
				BB522A4A2D40AB4E0064F9DC /* WidgetKit.framework in Frameworks */,
			);
			runOnlyForDeploymentPostprocessing = 0;
		};
		BB6C850A2D1A5807005C4D0B /* Frameworks */ = {
			isa = PBXFrameworksBuildPhase;
			buildActionMask = 2147483647;
			files = (
			);
			runOnlyForDeploymentPostprocessing = 0;
		};
		BB6C85172D1A5825005C4D0B /* Frameworks */ = {
			isa = PBXFrameworksBuildPhase;
			buildActionMask = 2147483647;
			files = (
			);
			runOnlyForDeploymentPostprocessing = 0;
		};
		BBF4F4512C763FF80079448E /* Frameworks */ = {
			isa = PBXFrameworksBuildPhase;
			buildActionMask = 2147483647;
			files = (
				BB4CF7812D35986100B0946C /* CatodoroShared.framework in Frameworks */,
			);
			runOnlyForDeploymentPostprocessing = 0;
		};
/* End PBXFrameworksBuildPhase section */

/* Begin PBXGroup section */
		BB07847E2D1BBBF5004BF908 /* Views */ = {
			isa = PBXGroup;
			children = (
				BB0784822D1BBC10004BF908 /* Presets */,
				BB0784802D1BBC03004BF908 /* Settings */,
				BB07847F2D1BBBFE004BF908 /* Timer */,
			);
			path = Views;
			sourceTree = "<group>";
		};
		BB07847F2D1BBBFE004BF908 /* Timer */ = {
			isa = PBXGroup;
			children = (
				BB0784832D1BBC60004BF908 /* PawButtonTests.swift */,
				BB0784852D1BC57B004BF908 /* PlayPauseButtonTests.swift */,
				BBEA02C02D1C6AE300922951 /* StopButtonTests.swift */,
				BBEA02C22D1C6B5700922951 /* TimePickerViewTests.swift */,
				BBEA02C42D1C6C5300922951 /* TimerCircleViewTests.swift */,
				BBEA02C62D1C6ED700922951 /* TimerConfigSubTitleTests.swift */,
				BBEA02C82D1C6F0200922951 /* TimerConfigViewTests.swift */,
				BBEA02CA2D1C784800922951 /* TimerPickerViewTests.swift */,
				BBEA02CC2D1C797700922951 /* TimerStartButtonTests.swift */,
				BBEA02CE2D1C7CAF00922951 /* TimerViewTests.swift */,
			);
			path = Timer;
			sourceTree = "<group>";
		};
		BB0784802D1BBC03004BF908 /* Settings */ = {
			isa = PBXGroup;
			children = (
				BBEA02D22D1CFF0100922951 /* OptionSelectionViewCellTests.swift */,
				BBEA02D42D1D006900922951 /* SettingOptionsViewCellTests.swift */,
				BBEA02D62D1D011500922951 /* SettingSubtitleLabelTests.swift */,
			);
			path = Settings;
			sourceTree = "<group>";
		};
		BB0784822D1BBC10004BF908 /* Presets */ = {
			isa = PBXGroup;
			children = (
				BBEA02D02D1CE3D600922951 /* PresetListViewCellTests.swift */,
			);
			path = Presets;
			sourceTree = "<group>";
		};
		BB1817B52C7EB1EA00BF8DA8 /* Timer */ = {
			isa = PBXGroup;
			children = (
				BB5818F82D2129D700F6A846 /* DismissButton.swift */,
				BB479AC52CC9D228000CBE6D /* PawButton.swift */,
				BB1817BA2C7EB31800BF8DA8 /* PlayPauseButton.swift */,
				BB0B25D02C9CF5F000487314 /* StopButton.swift */,
				BB479AB62CB49013000CBE6D /* TimePickerView.swift */,
				BB1817B82C7EB23300BF8DA8 /* TimerCircleView.swift */,
				BB8D28582CE18E73001D73B1 /* TimerConfigSubTitle.swift */,
				BB8D28562CE18E4B001D73B1 /* TimerConfigView.swift */,
				BB479AB02CB487E7000CBE6D /* TimerPickerView.swift */,
				BB8D283C2CE14E57001D73B1 /* TimerStartButton.swift */,
				BB8D28422CE1559D001D73B1 /* TimerView.swift */,
			);
			path = Timer;
			sourceTree = "<group>";
		};
		BB1817B62C7EB1F100BF8DA8 /* Presets */ = {
			isa = PBXGroup;
			children = (
				BB7AFB352D0B286B00801CAA /* PresetListViewCell.swift */,
			);
			path = Presets;
			sourceTree = "<group>";
		};
		BB1817B72C7EB20000BF8DA8 /* Settings */ = {
			isa = PBXGroup;
			children = (
				BB49DC6C2D08EFE2001E3CDC /* OptionSelectionViewCell.swift */,
				BB49DC5D2D07AE14001E3CDC /* SettingOptionsViewCell.swift */,
				BB8D283E2CE15000001D73B1 /* SettingSubtitleLabel.swift */,
			);
			path = Settings;
			sourceTree = "<group>";
		};
		BB479ABE2CC8813E000CBE6D /* VoiceFiles */ = {
			isa = PBXGroup;
			children = (
				BB8D284C2CE15EE6001D73B1 /* angry_cat.mp3 */,
				BB8D284D2CE15EE6001D73B1 /* cat_meow_loud.mp3 */,
				BB8D284E2CE15EE6001D73B1 /* cat_meow_regular.mp3 */,
				BB479ABF2CC88164000CBE6D /* hungry_cat.mp3 */,
				BB8D284F2CE15EE6001D73B1 /* kitty_meow.mp3 */,
			);
			path = VoiceFiles;
			sourceTree = "<group>";
		};
		BB479AC22CC883BF000CBE6D /* Utilities */ = {
			isa = PBXGroup;
			children = (
				BB479AC32CC883D1000CBE6D /* AudioManager.swift */,
				BB49DC632D08CC3A001E3CDC /* CatodoroPreferences.swift */,
				BB4CF75B2D3466DF00B0946C /* CatodoroSharedPreferences.swift */,
				BB4CF7612D34A41100B0946C /* LiveActivityManager.swift */,
			);
			path = Utilities;
			sourceTree = "<group>";
		};
		BB49DC652D08D158001E3CDC /* Enums */ = {
			isa = PBXGroup;
			children = (
				BB49DC662D08D167001E3CDC /* ColorOptions.swift */,
				BB49DC682D08EEAE001E3CDC /* SoundOptions.swift */,
			);
			path = Enums;
			sourceTree = "<group>";
		};
		BB516E4C2CAB97CA0004B95C /* Models */ = {
			isa = PBXGroup;
			children = (
				BB8D28462CE1597E001D73B1 /* ColorOptionModel.swift */,
				BB7AFB392D0B436600801CAA /* PresetModel.swift */,
				BB516E4D2CAB98930004B95C /* TimerConfigModel.swift */,
				BB516E4A2CAB97B90004B95C /* TimerModel.swift */,
			);
			path = Models;
			sourceTree = "<group>";
		};
		BB6C85252D1A5853005C4D0B /* CatodoroTests */ = {
			isa = PBXGroup;
			children = (
				BB6C852F2D1A66EC005C4D0B /* Helper */,
				BB6C852B2D1A663D005C4D0B /* ViewControllers */,
				BB6C852C2D1A6647005C4D0B /* ViewModels */,
				BB07847E2D1BBBF5004BF908 /* Views */,
			);
			path = CatodoroTests;
			sourceTree = "<group>";
		};
		BB6C85262D1A586D005C4D0B /* CatodoroUITests */ = {
			isa = PBXGroup;
			children = (
				BB6C851C2D1A5825005C4D0B /* CatodoroUITests.swift */,
				BB6C851E2D1A5825005C4D0B /* CatodoroUITestsLaunchTests.swift */,
			);
			path = CatodoroUITests;
			sourceTree = "<group>";
		};
		BB6C852B2D1A663D005C4D0B /* ViewControllers */ = {
			isa = PBXGroup;
			children = (
				BBEA02D82D1D015300922951 /* Core */,
				BBEA02D92D1D015B00922951 /* General */,
			);
			path = ViewControllers;
			sourceTree = "<group>";
		};
		BB6C852C2D1A6647005C4D0B /* ViewModels */ = {
			isa = PBXGroup;
			children = (
				BB6C85342D1A8B57005C4D0B /* OptionSelectionViewModelTests.swift */,
				BB6C852D2D1A666F005C4D0B /* TimerViewModelTests.swift */,
			);
			path = ViewModels;
			sourceTree = "<group>";
		};
		BB6C852F2D1A66EC005C4D0B /* Helper */ = {
			isa = PBXGroup;
			children = (
				BB6C85322D1A6784005C4D0B /* MockAudioManager.swift */,
				BBEA02DC2D1D01EF00922951 /* MockCoordinator.swift */,
				BB6C85302D1A66FA005C4D0B /* MockPreferences.swift */,
				BBEA02E22D1D07C200922951 /* MockTimerConfigViewModel.swift */,
				BBEA02E62D1D0ADB00922951 /* MockPresetsViewModel.swift */,
				BBD7253E2D43E5FC00FCF62E /* MockLiveActivityManager.swift */,
			);
			path = Helper;
			sourceTree = "<group>";
		};
		BBEA02D82D1D015300922951 /* Core */ = {
			isa = PBXGroup;
			children = (
				BBEA02E02D1D035900922951 /* AddPresetViewControllerTests.swift */,
				BBEA02E42D1D07FC00922951 /* PresetsViewControllerTests.swift */,
			);
			path = Core;
			sourceTree = "<group>";
		};
		BBEA02D92D1D015B00922951 /* General */ = {
			isa = PBXGroup;
			children = (
				BBEA02DE2D1D02D400922951 /* BaseNavigationControllerTests.swift */,
				BBEA02DA2D1D01BF00922951 /* BaseOptionSelectionViewControllerTests.swift */,
			);
			path = General;
			sourceTree = "<group>";
		};
		BBF4F44B2C763FF80079448E = {
			isa = PBXGroup;
			children = (
				BB4CF75A2D34666100B0946C /* CatodoroWidgetExtension.entitlements */,
				BBF4F4562C763FF80079448E /* Catodoro */,
				BB6C85252D1A5853005C4D0B /* CatodoroTests */,
				BB6C85262D1A586D005C4D0B /* CatodoroUITests */,
				BB4CF76D2D35986000B0946C /* CatodoroShared */,
				BB4CF77B2D35986100B0946C /* CatodoroSharedTests */,
				BB522A4C2D40AB4E0064F9DC /* CatodoroWidget */,
				BBFE8DF52D2F6CEB00F898B0 /* Frameworks */,
				BBF4F4552C763FF80079448E /* Products */,
			);
			sourceTree = "<group>";
		};
		BBF4F4552C763FF80079448E /* Products */ = {
			isa = PBXGroup;
			children = (
				BBF4F4542C763FF80079448E /* Catodoro.app */,
				BB6C850D2D1A5807005C4D0B /* CatodoroTests.xctest */,
				BB6C851A2D1A5825005C4D0B /* CatodoroUITests.xctest */,
				BB4CF76C2D35986000B0946C /* CatodoroShared.framework */,
				BB4CF7752D35986100B0946C /* CatodoroSharedTests.xctest */,
				BB522A492D40AB4E0064F9DC /* CatodoroWidgetExtension.appex */,
			);
			name = Products;
			sourceTree = "<group>";
		};
		BBF4F4562C763FF80079448E /* Catodoro */ = {
			isa = PBXGroup;
			children = (
				BB4CF7592D34662700B0946C /* Catodoro.entitlements */,
				BBF4F4652C763FF90079448E /* Info.plist */,
				BBF4F4572C763FF80079448E /* AppDelegate.swift */,
				BBF4F4592C763FF80079448E /* SceneDelegate.swift */,
				BBF4F4602C763FF90079448E /* Assets.xcassets */,
				BBF4F4622C763FF90079448E /* LaunchScreen.storyboard */,
				BBF4F46B2C76428D0079448E /* Coordinators */,
				BBF4F48F2C76D3900079448E /* CoreData */,
				BB49DC652D08D158001E3CDC /* Enums */,
				BBF4F47A2C7646BA0079448E /* Extensions */,
				BB516E4C2CAB97CA0004B95C /* Models */,
				BB479AC22CC883BF000CBE6D /* Utilities */,
				BBF4F46D2C7642ED0079448E /* ViewControllers */,
				BBF4F46C2C7642940079448E /* ViewModels */,
				BBF4F46E2C7643790079448E /* Views */,
				BB479ABE2CC8813E000CBE6D /* VoiceFiles */,
			);
			path = Catodoro;
			sourceTree = "<group>";
		};
		BBF4F46B2C76428D0079448E /* Coordinators */ = {
			isa = PBXGroup;
			children = (
				BBF4F46F2C76441F0079448E /* Coordinator.swift */,
				BBF4F4852C7673ED0079448E /* MainCoordinator.swift */,
				BBF4F4892C76B5E10079448E /* PresetsCoordinator.swift */,
				BBF4F4872C767A420079448E /* SettingsCoordinator.swift */,
				BBF4F4712C7644A20079448E /* TabCoordinator.swift */,
				BBF4F4832C7654A10079448E /* TimerCoordiantor.swift */,
			);
			path = Coordinators;
			sourceTree = "<group>";
		};
		BBF4F46C2C7642940079448E /* ViewModels */ = {
			isa = PBXGroup;
			children = (
				BB49DC702D08F33D001E3CDC /* OptionSelectionViewModel.swift */,
				BB7AFB372D0B3BD600801CAA /* PresetsViewModel.swift */,
				BB8D28442CE1595E001D73B1 /* SettingsViewModel.swift */,
				BB516E462CAB94D70004B95C /* TimerConfigViewModel.swift */,
				BBF4F48D2C76D2C90079448E /* TimerViewModel.swift */,
			);
			path = ViewModels;
			sourceTree = "<group>";
		};
		BBF4F46D2C7642ED0079448E /* ViewControllers */ = {
			isa = PBXGroup;
			children = (
				BBF4F4742C7644E10079448E /* Core */,
				BBF4F4732C7644C70079448E /* General */,
			);
			path = ViewControllers;
			sourceTree = "<group>";
		};
		BBF4F46E2C7643790079448E /* Views */ = {
			isa = PBXGroup;
			children = (
				BBFE8DEA2D261B7D00F898B0 /* General */,
				BB1817B62C7EB1F100BF8DA8 /* Presets */,
				BB1817B72C7EB20000BF8DA8 /* Settings */,
				BB1817B52C7EB1EA00BF8DA8 /* Timer */,
			);
			path = Views;
			sourceTree = "<group>";
		};
		BBF4F4732C7644C70079448E /* General */ = {
			isa = PBXGroup;
			children = (
				BBF4F4752C7644FB0079448E /* BaseNavigationController.swift */,
				BB49DC722D08F859001E3CDC /* BaseOptionSelectionViewController.swift */,
				BBFE8DE82D2617D600F898B0 /* BaseViewController.swift */,
			);
			path = General;
			sourceTree = "<group>";
		};
		BBF4F4742C7644E10079448E /* Core */ = {
			isa = PBXGroup;
			children = (
				BB6C85362D1B19DB005C4D0B /* AddPresetViewController.swift */,
				BB49DC6E2D08F31A001E3CDC /* ColorSelectionViewController.swift */,
				BBF4F48B2C76B61A0079448E /* PresetsViewController.swift */,
				BBF4F4812C7648820079448E /* SettingsViewController.swift */,
				BB49DC742D08FA37001E3CDC /* SoundSelectionViewController.swift */,
				BB516E442CAB933C0004B95C /* TimerConfigViewController.swift */,
				BBF4F47F2C7648510079448E /* TimerViewController.swift */,
			);
			path = Core;
			sourceTree = "<group>";
		};
		BBF4F47A2C7646BA0079448E /* Extensions */ = {
			isa = PBXGroup;
			children = (
				BB1817BF2C7EC35B00BF8DA8 /* Int+Extensions.swift */,
				BB7AFB3B2D0B4DAA00801CAA /* NSLayoutConstraint+Extensions.swift */,
				BBF4F47B2C7646EE0079448E /* NSObject+Extensions.swift */,
				BBA3CDA52C868CA6002A3E7B /* TimeInterval+Extensions.swift */,
				BB479AB82CC87A1C000CBE6D /* UIButton+Extensions.swift */,
				BBA3CDA32C866A3F002A3E7B /* UIImage+Extensions.swift */,
				BBA3CDA12C866749002A3E7B /* UIStackView+Extensions.swift */,
				BB1817BD2C7EB57B00BF8DA8 /* UIView+Extensions.swift */,
			);
			path = Extensions;
			sourceTree = "<group>";
		};
		BBF4F48F2C76D3900079448E /* CoreData */ = {
			isa = PBXGroup;
			children = (
				BB4E43422D191B2300C34D04 /* CatodoroCoreDataManager.swift */,
				BBF4F4902C76D3B10079448E /* CatodoroPersistentController.swift */,
				BB07847B2D1B293E004BF908 /* CatodoroCoreData.xcdatamodeld */,
			);
			path = CoreData;
			sourceTree = "<group>";
		};
		BBFE8DEA2D261B7D00F898B0 /* General */ = {
			isa = PBXGroup;
			children = (
				BBFE8DEB2D261B8800F898B0 /* BaseView.swift */,
				BBFE8DEE2D261CDB00F898B0 /* BaseTableViewCell.swift */,
			);
			path = General;
			sourceTree = "<group>";
		};
		BBFE8DF52D2F6CEB00F898B0 /* Frameworks */ = {
			isa = PBXGroup;
			children = (
				BB522A622D40ACFF0064F9DC /* ActivityKit.framework */,
				BBFE8DF62D2F6CEB00F898B0 /* WidgetKit.framework */,
				BBFE8DF82D2F6CEB00F898B0 /* SwiftUI.framework */,
			);
			name = Frameworks;
			sourceTree = "<group>";
		};
/* End PBXGroup section */

/* Begin PBXHeadersBuildPhase section */
		BB4CF7672D35986000B0946C /* Headers */ = {
			isa = PBXHeadersBuildPhase;
			buildActionMask = 2147483647;
			files = (
			);
			runOnlyForDeploymentPostprocessing = 0;
		};
/* End PBXHeadersBuildPhase section */

/* Begin PBXNativeTarget section */
		BB4CF76B2D35986000B0946C /* CatodoroShared */ = {
			isa = PBXNativeTarget;
			buildConfigurationList = BB4CF7842D35986100B0946C /* Build configuration list for PBXNativeTarget "CatodoroShared" */;
			buildPhases = (
				BB4CF7672D35986000B0946C /* Headers */,
				BB4CF7682D35986000B0946C /* Sources */,
				BB4CF7692D35986000B0946C /* Frameworks */,
				BB4CF76A2D35986000B0946C /* Resources */,
			);
			buildRules = (
			);
			dependencies = (
			);
			fileSystemSynchronizedGroups = (
				BB4CF76D2D35986000B0946C /* CatodoroShared */,
			);
			name = CatodoroShared;
			packageProductDependencies = (
			);
			productName = CatodoroShared;
			productReference = BB4CF76C2D35986000B0946C /* CatodoroShared.framework */;
			productType = "com.apple.product-type.framework";
		};
		BB4CF7742D35986100B0946C /* CatodoroSharedTests */ = {
			isa = PBXNativeTarget;
			buildConfigurationList = BB4CF7882D35986100B0946C /* Build configuration list for PBXNativeTarget "CatodoroSharedTests" */;
			buildPhases = (
				BB4CF7712D35986100B0946C /* Sources */,
				BB4CF7722D35986100B0946C /* Frameworks */,
				BB4CF7732D35986100B0946C /* Resources */,
			);
			buildRules = (
			);
			dependencies = (
				BB4CF7782D35986100B0946C /* PBXTargetDependency */,
				BB4CF77A2D35986100B0946C /* PBXTargetDependency */,
			);
			fileSystemSynchronizedGroups = (
				BB4CF77B2D35986100B0946C /* CatodoroSharedTests */,
			);
			name = CatodoroSharedTests;
			packageProductDependencies = (
			);
			productName = CatodoroSharedTests;
			productReference = BB4CF7752D35986100B0946C /* CatodoroSharedTests.xctest */;
			productType = "com.apple.product-type.bundle.unit-test";
		};
		BB522A482D40AB4E0064F9DC /* CatodoroWidgetExtension */ = {
			isa = PBXNativeTarget;
			buildConfigurationList = BB522A5A2D40AB4F0064F9DC /* Build configuration list for PBXNativeTarget "CatodoroWidgetExtension" */;
			buildPhases = (
				BB522A452D40AB4E0064F9DC /* Sources */,
				BB522A462D40AB4E0064F9DC /* Frameworks */,
				BB522A472D40AB4E0064F9DC /* Resources */,
			);
			buildRules = (
			);
			dependencies = (
			);
			fileSystemSynchronizedGroups = (
				BB522A4C2D40AB4E0064F9DC /* CatodoroWidget */,
			);
			name = CatodoroWidgetExtension;
			packageProductDependencies = (
			);
			productName = CatodoroWidgetExtension;
			productReference = BB522A492D40AB4E0064F9DC /* CatodoroWidgetExtension.appex */;
			productType = "com.apple.product-type.app-extension";
		};
		BB6C850C2D1A5807005C4D0B /* CatodoroTests */ = {
			isa = PBXNativeTarget;
			buildConfigurationList = BB6C85132D1A5808005C4D0B /* Build configuration list for PBXNativeTarget "CatodoroTests" */;
			buildPhases = (
				BB6C85092D1A5807005C4D0B /* Sources */,
				BB6C850A2D1A5807005C4D0B /* Frameworks */,
				BB6C850B2D1A5807005C4D0B /* Resources */,
			);
			buildRules = (
			);
			dependencies = (
				BB6C85122D1A5808005C4D0B /* PBXTargetDependency */,
			);
			name = CatodoroTests;
			packageProductDependencies = (
			);
			productName = CatodoroTests;
			productReference = BB6C850D2D1A5807005C4D0B /* CatodoroTests.xctest */;
			productType = "com.apple.product-type.bundle.unit-test";
		};
		BB6C85192D1A5825005C4D0B /* CatodoroUITests */ = {
			isa = PBXNativeTarget;
			buildConfigurationList = BB6C85222D1A5825005C4D0B /* Build configuration list for PBXNativeTarget "CatodoroUITests" */;
			buildPhases = (
				BB6C85162D1A5825005C4D0B /* Sources */,
				BB6C85172D1A5825005C4D0B /* Frameworks */,
				BB6C85182D1A5825005C4D0B /* Resources */,
			);
			buildRules = (
			);
			dependencies = (
				BB6C85212D1A5825005C4D0B /* PBXTargetDependency */,
			);
			name = CatodoroUITests;
			packageProductDependencies = (
			);
			productName = CatodoroUITests;
			productReference = BB6C851A2D1A5825005C4D0B /* CatodoroUITests.xctest */;
			productType = "com.apple.product-type.bundle.ui-testing";
		};
		BBF4F4532C763FF80079448E /* Catodoro */ = {
			isa = PBXNativeTarget;
			buildConfigurationList = BBF4F4682C763FF90079448E /* Build configuration list for PBXNativeTarget "Catodoro" */;
			buildPhases = (
				BBF4F4502C763FF80079448E /* Sources */,
				BBF4F4512C763FF80079448E /* Frameworks */,
				BBF4F4522C763FF80079448E /* Resources */,
				BBFE8E0D2D2F6CEC00F898B0 /* Embed Foundation Extensions */,
				BB4CF7872D35986100B0946C /* Embed Frameworks */,
			);
			buildRules = (
			);
			dependencies = (
				BB4CF7802D35986100B0946C /* PBXTargetDependency */,
				BB522A572D40AB4F0064F9DC /* PBXTargetDependency */,
			);
			name = Catodoro;
			productName = Catodoro;
			productReference = BBF4F4542C763FF80079448E /* Catodoro.app */;
			productType = "com.apple.product-type.application";
		};
/* End PBXNativeTarget section */

/* Begin PBXProject section */
		BBF4F44C2C763FF80079448E /* Project object */ = {
			isa = PBXProject;
			attributes = {
				BuildIndependentTargetsInParallel = 1;
				LastSwiftUpdateCheck = 1620;
				LastUpgradeCheck = 1620;
				TargetAttributes = {
					BB4CF76B2D35986000B0946C = {
						CreatedOnToolsVersion = 16.2;
					};
					BB4CF7742D35986100B0946C = {
						CreatedOnToolsVersion = 16.2;
						TestTargetID = BBF4F4532C763FF80079448E;
					};
					BB522A482D40AB4E0064F9DC = {
						CreatedOnToolsVersion = 16.2;
					};
					BB6C850C2D1A5807005C4D0B = {
						CreatedOnToolsVersion = 16.2;
						LastSwiftMigration = 1620;
						TestTargetID = BBF4F4532C763FF80079448E;
					};
					BB6C85192D1A5825005C4D0B = {
						CreatedOnToolsVersion = 16.2;
						TestTargetID = BBF4F4532C763FF80079448E;
					};
					BBF4F4532C763FF80079448E = {
						CreatedOnToolsVersion = 15.4;
					};
				};
			};
			buildConfigurationList = BBF4F44F2C763FF80079448E /* Build configuration list for PBXProject "Catodoro" */;
			compatibilityVersion = "Xcode 14.0";
			developmentRegion = en;
			hasScannedForEncodings = 0;
			knownRegions = (
				en,
				Base,
			);
			mainGroup = BBF4F44B2C763FF80079448E;
			productRefGroup = BBF4F4552C763FF80079448E /* Products */;
			projectDirPath = "";
			projectRoot = "";
			targets = (
				BBF4F4532C763FF80079448E /* Catodoro */,
				BB6C850C2D1A5807005C4D0B /* CatodoroTests */,
				BB6C85192D1A5825005C4D0B /* CatodoroUITests */,
				BB4CF76B2D35986000B0946C /* CatodoroShared */,
				BB4CF7742D35986100B0946C /* CatodoroSharedTests */,
				BB522A482D40AB4E0064F9DC /* CatodoroWidgetExtension */,
			);
		};
/* End PBXProject section */

/* Begin PBXResourcesBuildPhase section */
		BB4CF76A2D35986000B0946C /* Resources */ = {
			isa = PBXResourcesBuildPhase;
			buildActionMask = 2147483647;
			files = (
			);
			runOnlyForDeploymentPostprocessing = 0;
		};
		BB4CF7732D35986100B0946C /* Resources */ = {
			isa = PBXResourcesBuildPhase;
			buildActionMask = 2147483647;
			files = (
			);
			runOnlyForDeploymentPostprocessing = 0;
		};
		BB522A472D40AB4E0064F9DC /* Resources */ = {
			isa = PBXResourcesBuildPhase;
			buildActionMask = 2147483647;
			files = (
			);
			runOnlyForDeploymentPostprocessing = 0;
		};
		BB6C850B2D1A5807005C4D0B /* Resources */ = {
			isa = PBXResourcesBuildPhase;
			buildActionMask = 2147483647;
			files = (
			);
			runOnlyForDeploymentPostprocessing = 0;
		};
		BB6C85182D1A5825005C4D0B /* Resources */ = {
			isa = PBXResourcesBuildPhase;
			buildActionMask = 2147483647;
			files = (
			);
			runOnlyForDeploymentPostprocessing = 0;
		};
		BBF4F4522C763FF80079448E /* Resources */ = {
			isa = PBXResourcesBuildPhase;
			buildActionMask = 2147483647;
			files = (
				BBF4F4612C763FF90079448E /* Assets.xcassets in Resources */,
				BB479AC02CC88164000CBE6D /* hungry_cat.mp3 in Resources */,
				BB8D28502CE15EE6001D73B1 /* cat_meow_regular.mp3 in Resources */,
				BB8D28512CE15EE6001D73B1 /* cat_meow_loud.mp3 in Resources */,
				BB8D28522CE15EE6001D73B1 /* kitty_meow.mp3 in Resources */,
				BB8D28532CE15EE6001D73B1 /* angry_cat.mp3 in Resources */,
				BBF4F4642C763FF90079448E /* Base in Resources */,
			);
			runOnlyForDeploymentPostprocessing = 0;
		};
/* End PBXResourcesBuildPhase section */

/* Begin PBXSourcesBuildPhase section */
		BB4CF7682D35986000B0946C /* Sources */ = {
			isa = PBXSourcesBuildPhase;
			buildActionMask = 2147483647;
			files = (
			);
			runOnlyForDeploymentPostprocessing = 0;
		};
		BB4CF7712D35986100B0946C /* Sources */ = {
			isa = PBXSourcesBuildPhase;
			buildActionMask = 2147483647;
			files = (
			);
			runOnlyForDeploymentPostprocessing = 0;
		};
		BB522A452D40AB4E0064F9DC /* Sources */ = {
			isa = PBXSourcesBuildPhase;
			buildActionMask = 2147483647;
			files = (
			);
			runOnlyForDeploymentPostprocessing = 0;
		};
		BB6C85092D1A5807005C4D0B /* Sources */ = {
			isa = PBXSourcesBuildPhase;
			buildActionMask = 2147483647;
			files = (
				BB0784862D1BC57B004BF908 /* PlayPauseButtonTests.swift in Sources */,
				BBEA02D52D1D006900922951 /* SettingOptionsViewCellTests.swift in Sources */,
				BBEA02DF2D1D02D400922951 /* BaseNavigationControllerTests.swift in Sources */,
				BBEA02DD2D1D01EF00922951 /* MockCoordinator.swift in Sources */,
				BB0784842D1BBC60004BF908 /* PawButtonTests.swift in Sources */,
				BBEA02D32D1CFF0100922951 /* OptionSelectionViewCellTests.swift in Sources */,
				BBEA02C52D1C6C5300922951 /* TimerCircleViewTests.swift in Sources */,
				BBEA02C72D1C6ED700922951 /* TimerConfigSubTitleTests.swift in Sources */,
				BBD7253F2D43E5FC00FCF62E /* MockLiveActivityManager.swift in Sources */,
				BBEA02C92D1C6F0200922951 /* TimerConfigViewTests.swift in Sources */,
				BB6C85352D1A8B57005C4D0B /* OptionSelectionViewModelTests.swift in Sources */,
				BBEA02CB2D1C784800922951 /* TimerPickerViewTests.swift in Sources */,
				BBEA02D72D1D011500922951 /* SettingSubtitleLabelTests.swift in Sources */,
				BBEA02E32D1D07C200922951 /* MockTimerConfigViewModel.swift in Sources */,
				BBEA02CD2D1C797700922951 /* TimerStartButtonTests.swift in Sources */,
				BBEA02DB2D1D01BF00922951 /* BaseOptionSelectionViewControllerTests.swift in Sources */,
				BBEA02C12D1C6AE300922951 /* StopButtonTests.swift in Sources */,
				BBEA02E12D1D035900922951 /* AddPresetViewControllerTests.swift in Sources */,
				BBEA02D12D1CE3D600922951 /* PresetListViewCellTests.swift in Sources */,
				BB6C85312D1A66FA005C4D0B /* MockPreferences.swift in Sources */,
				BBEA02CF2D1C7CAF00922951 /* TimerViewTests.swift in Sources */,
				BB6C852E2D1A666F005C4D0B /* TimerViewModelTests.swift in Sources */,
				BBEA02E72D1D0ADB00922951 /* MockPresetsViewModel.swift in Sources */,
				BB6C85332D1A6784005C4D0B /* MockAudioManager.swift in Sources */,
				BBEA02E52D1D07FC00922951 /* PresetsViewControllerTests.swift in Sources */,
				BBEA02C32D1C6B5700922951 /* TimePickerViewTests.swift in Sources */,
			);
			runOnlyForDeploymentPostprocessing = 0;
		};
		BB6C85162D1A5825005C4D0B /* Sources */ = {
			isa = PBXSourcesBuildPhase;
			buildActionMask = 2147483647;
			files = (
				BB6C851F2D1A5825005C4D0B /* CatodoroUITestsLaunchTests.swift in Sources */,
				BB6C851D2D1A5825005C4D0B /* CatodoroUITests.swift in Sources */,
			);
			runOnlyForDeploymentPostprocessing = 0;
		};
		BBF4F4502C763FF80079448E /* Sources */ = {
			isa = PBXSourcesBuildPhase;
			buildActionMask = 2147483647;
			files = (
				BBF4F4762C7644FB0079448E /* BaseNavigationController.swift in Sources */,
				BB516E4E2CAB98930004B95C /* TimerConfigModel.swift in Sources */,
				BB0B25D12C9CF5F000487314 /* StopButton.swift in Sources */,
				BBF4F4862C7673ED0079448E /* MainCoordinator.swift in Sources */,
				BB479AC62CC9D228000CBE6D /* PawButton.swift in Sources */,
				BB1817B92C7EB23300BF8DA8 /* TimerCircleView.swift in Sources */,
				BBF4F4882C767A420079448E /* SettingsCoordinator.swift in Sources */,
				BBF4F4802C7648510079448E /* TimerViewController.swift in Sources */,
				BB516E452CAB933C0004B95C /* TimerConfigViewController.swift in Sources */,
				BB4E43432D191B2300C34D04 /* CatodoroCoreDataManager.swift in Sources */,
				BBA3CDA22C866749002A3E7B /* UIStackView+Extensions.swift in Sources */,
				BB7AFB3C2D0B4DAA00801CAA /* NSLayoutConstraint+Extensions.swift in Sources */,
				BBF4F4912C76D3B10079448E /* CatodoroPersistentController.swift in Sources */,
				BB7AFB382D0B3BD600801CAA /* PresetsViewModel.swift in Sources */,
				BB1817C02C7EC35B00BF8DA8 /* Int+Extensions.swift in Sources */,
				BB49DC642D08CC3A001E3CDC /* CatodoroPreferences.swift in Sources */,
				BB8D28592CE18E73001D73B1 /* TimerConfigSubTitle.swift in Sources */,
				BB8D28452CE1595E001D73B1 /* SettingsViewModel.swift in Sources */,
				BB49DC672D08D167001E3CDC /* ColorOptions.swift in Sources */,
				BB07847D2D1B293E004BF908 /* CatodoroCoreData.xcdatamodeld in Sources */,
				BBF4F48C2C76B61A0079448E /* PresetsViewController.swift in Sources */,
				BB479AB72CB49013000CBE6D /* TimePickerView.swift in Sources */,
				BB8D283F2CE15000001D73B1 /* SettingSubtitleLabel.swift in Sources */,
				BB49DC5E2D07AE14001E3CDC /* SettingOptionsViewCell.swift in Sources */,
				BB49DC732D08F859001E3CDC /* BaseOptionSelectionViewController.swift in Sources */,
				BB8D28432CE1559D001D73B1 /* TimerView.swift in Sources */,
				BBF4F4822C7648820079448E /* SettingsViewController.swift in Sources */,
				BB1817BE2C7EB57B00BF8DA8 /* UIView+Extensions.swift in Sources */,
				BB516E472CAB94D70004B95C /* TimerConfigViewModel.swift in Sources */,
				BB5818F92D2129D700F6A846 /* DismissButton.swift in Sources */,
				BBF4F48A2C76B5E10079448E /* PresetsCoordinator.swift in Sources */,
				BB479AC42CC883D1000CBE6D /* AudioManager.swift in Sources */,
				BBA3CDA42C866A3F002A3E7B /* UIImage+Extensions.swift in Sources */,
				BBF4F47C2C7646EE0079448E /* NSObject+Extensions.swift in Sources */,
				BB8D28472CE1597E001D73B1 /* ColorOptionModel.swift in Sources */,
				BB49DC692D08EEAE001E3CDC /* SoundOptions.swift in Sources */,
				BB8D283D2CE14E57001D73B1 /* TimerStartButton.swift in Sources */,
				BBF4F4702C76441F0079448E /* Coordinator.swift in Sources */,
				BBF4F4582C763FF80079448E /* AppDelegate.swift in Sources */,
				BB49DC6F2D08F31A001E3CDC /* ColorSelectionViewController.swift in Sources */,
				BB49DC752D08FA37001E3CDC /* SoundSelectionViewController.swift in Sources */,
				BB7AFB362D0B286B00801CAA /* PresetListViewCell.swift in Sources */,
				BB1817BB2C7EB31800BF8DA8 /* PlayPauseButton.swift in Sources */,
				BBF4F48E2C76D2C90079448E /* TimerViewModel.swift in Sources */,
				BBF4F4842C7654A10079448E /* TimerCoordiantor.swift in Sources */,
				BB479AB12CB487E7000CBE6D /* TimerPickerView.swift in Sources */,
				BB8D28572CE18E4B001D73B1 /* TimerConfigView.swift in Sources */,
				BB4CF7622D34A41100B0946C /* LiveActivityManager.swift in Sources */,
				BB7AFB3A2D0B436600801CAA /* PresetModel.swift in Sources */,
				BB49DC712D08F33D001E3CDC /* OptionSelectionViewModel.swift in Sources */,
				BB49DC6D2D08EFE2001E3CDC /* OptionSelectionViewCell.swift in Sources */,
				BBA3CDA62C868CA6002A3E7B /* TimeInterval+Extensions.swift in Sources */,
				BB6C85372D1B19DB005C4D0B /* AddPresetViewController.swift in Sources */,
				BBFE8DED2D261BF100F898B0 /* BaseView.swift in Sources */,
				BB516E4B2CAB97B90004B95C /* TimerModel.swift in Sources */,
				BB4CF75C2D3466DF00B0946C /* CatodoroSharedPreferences.swift in Sources */,
				BBF4F4722C7644A20079448E /* TabCoordinator.swift in Sources */,
				BB479AB92CC87A1C000CBE6D /* UIButton+Extensions.swift in Sources */,
				BBFE8DEF2D261CDB00F898B0 /* BaseTableViewCell.swift in Sources */,
				BBF4F45A2C763FF80079448E /* SceneDelegate.swift in Sources */,
				BBFE8DE92D2617D600F898B0 /* BaseViewController.swift in Sources */,
			);
			runOnlyForDeploymentPostprocessing = 0;
		};
/* End PBXSourcesBuildPhase section */

/* Begin PBXTargetDependency section */
		BB4CF7782D35986100B0946C /* PBXTargetDependency */ = {
			isa = PBXTargetDependency;
			target = BB4CF76B2D35986000B0946C /* CatodoroShared */;
			targetProxy = BB4CF7772D35986100B0946C /* PBXContainerItemProxy */;
		};
		BB4CF77A2D35986100B0946C /* PBXTargetDependency */ = {
			isa = PBXTargetDependency;
			target = BBF4F4532C763FF80079448E /* Catodoro */;
			targetProxy = BB4CF7792D35986100B0946C /* PBXContainerItemProxy */;
		};
		BB4CF7802D35986100B0946C /* PBXTargetDependency */ = {
			isa = PBXTargetDependency;
			target = BB4CF76B2D35986000B0946C /* CatodoroShared */;
			targetProxy = BB4CF77F2D35986100B0946C /* PBXContainerItemProxy */;
		};
		BB522A572D40AB4F0064F9DC /* PBXTargetDependency */ = {
			isa = PBXTargetDependency;
			target = BB522A482D40AB4E0064F9DC /* CatodoroWidgetExtension */;
			targetProxy = BB522A562D40AB4F0064F9DC /* PBXContainerItemProxy */;
		};
		BB6C85122D1A5808005C4D0B /* PBXTargetDependency */ = {
			isa = PBXTargetDependency;
			target = BBF4F4532C763FF80079448E /* Catodoro */;
			targetProxy = BB6C85112D1A5808005C4D0B /* PBXContainerItemProxy */;
		};
		BB6C85212D1A5825005C4D0B /* PBXTargetDependency */ = {
			isa = PBXTargetDependency;
			target = BBF4F4532C763FF80079448E /* Catodoro */;
			targetProxy = BB6C85202D1A5825005C4D0B /* PBXContainerItemProxy */;
		};
/* End PBXTargetDependency section */

/* Begin PBXVariantGroup section */
		BBF4F4622C763FF90079448E /* LaunchScreen.storyboard */ = {
			isa = PBXVariantGroup;
			children = (
				BBF4F4632C763FF90079448E /* Base */,
			);
			name = LaunchScreen.storyboard;
			sourceTree = "<group>";
		};
/* End PBXVariantGroup section */

/* Begin XCBuildConfiguration section */
		BB4CF7852D35986100B0946C /* Debug */ = {
			isa = XCBuildConfiguration;
			buildSettings = {
				BUILD_LIBRARY_FOR_DISTRIBUTION = YES;
				CODE_SIGN_IDENTITY = "";
				CODE_SIGN_STYLE = Automatic;
				CURRENT_PROJECT_VERSION = 1;
				DEFINES_MODULE = YES;
				DEVELOPMENT_TEAM = FVEGF5DQ7U;
				DYLIB_COMPATIBILITY_VERSION = 1;
				DYLIB_CURRENT_VERSION = 1;
				DYLIB_INSTALL_NAME_BASE = "@rpath";
				ENABLE_MODULE_VERIFIER = YES;
				GENERATE_INFOPLIST_FILE = YES;
				INFOPLIST_KEY_NSHumanReadableCopyright = "";
				INSTALL_PATH = "$(LOCAL_LIBRARY_DIR)/Frameworks";
				IPHONEOS_DEPLOYMENT_TARGET = 18.2;
				LD_RUNPATH_SEARCH_PATHS = (
					"$(inherited)",
					"@executable_path/Frameworks",
					"@loader_path/Frameworks",
				);
				MARKETING_VERSION = 1.0;
				MODULE_VERIFIER_SUPPORTED_LANGUAGES = "objective-c objective-c++";
				MODULE_VERIFIER_SUPPORTED_LANGUAGE_STANDARDS = "gnu17 gnu++20";
				PRODUCT_BUNDLE_IDENTIFIER = com.sugurutokuda.CatodoroShared;
				PRODUCT_NAME = "$(TARGET_NAME:c99extidentifier)";
				SKIP_INSTALL = YES;
				SWIFT_EMIT_LOC_STRINGS = YES;
				SWIFT_INSTALL_OBJC_HEADER = NO;
				SWIFT_VERSION = 5.0;
				TARGETED_DEVICE_FAMILY = "1,2";
				VERSIONING_SYSTEM = "apple-generic";
				VERSION_INFO_PREFIX = "";
			};
			name = Debug;
		};
		BB4CF7862D35986100B0946C /* Release */ = {
			isa = XCBuildConfiguration;
			buildSettings = {
				BUILD_LIBRARY_FOR_DISTRIBUTION = YES;
				CODE_SIGN_IDENTITY = "";
				CODE_SIGN_STYLE = Automatic;
				CURRENT_PROJECT_VERSION = 1;
				DEFINES_MODULE = YES;
				DEVELOPMENT_TEAM = FVEGF5DQ7U;
				DYLIB_COMPATIBILITY_VERSION = 1;
				DYLIB_CURRENT_VERSION = 1;
				DYLIB_INSTALL_NAME_BASE = "@rpath";
				ENABLE_MODULE_VERIFIER = YES;
				GENERATE_INFOPLIST_FILE = YES;
				INFOPLIST_KEY_NSHumanReadableCopyright = "";
				INSTALL_PATH = "$(LOCAL_LIBRARY_DIR)/Frameworks";
				IPHONEOS_DEPLOYMENT_TARGET = 18.2;
				LD_RUNPATH_SEARCH_PATHS = (
					"$(inherited)",
					"@executable_path/Frameworks",
					"@loader_path/Frameworks",
				);
				MARKETING_VERSION = 1.0;
				MODULE_VERIFIER_SUPPORTED_LANGUAGES = "objective-c objective-c++";
				MODULE_VERIFIER_SUPPORTED_LANGUAGE_STANDARDS = "gnu17 gnu++20";
				PRODUCT_BUNDLE_IDENTIFIER = com.sugurutokuda.CatodoroShared;
				PRODUCT_NAME = "$(TARGET_NAME:c99extidentifier)";
				SKIP_INSTALL = YES;
				SWIFT_EMIT_LOC_STRINGS = YES;
				SWIFT_INSTALL_OBJC_HEADER = NO;
				SWIFT_VERSION = 5.0;
				TARGETED_DEVICE_FAMILY = "1,2";
				VERSIONING_SYSTEM = "apple-generic";
				VERSION_INFO_PREFIX = "";
			};
			name = Release;
		};
		BB4CF7892D35986100B0946C /* Debug */ = {
			isa = XCBuildConfiguration;
			buildSettings = {
				CODE_SIGN_STYLE = Automatic;
				CURRENT_PROJECT_VERSION = 1;
				DEVELOPMENT_TEAM = FVEGF5DQ7U;
				GENERATE_INFOPLIST_FILE = YES;
				IPHONEOS_DEPLOYMENT_TARGET = 18.2;
				MARKETING_VERSION = 1.0;
				PRODUCT_BUNDLE_IDENTIFIER = com.sugurutokuda.CatodoroSharedTests;
				PRODUCT_NAME = "$(TARGET_NAME)";
				SWIFT_EMIT_LOC_STRINGS = NO;
				SWIFT_VERSION = 5.0;
				TARGETED_DEVICE_FAMILY = "1,2";
				TEST_HOST = "$(BUILT_PRODUCTS_DIR)/Catodoro.app/$(BUNDLE_EXECUTABLE_FOLDER_PATH)/Catodoro";
			};
			name = Debug;
		};
		BB4CF78A2D35986100B0946C /* Release */ = {
			isa = XCBuildConfiguration;
			buildSettings = {
				CODE_SIGN_STYLE = Automatic;
				CURRENT_PROJECT_VERSION = 1;
				DEVELOPMENT_TEAM = FVEGF5DQ7U;
				GENERATE_INFOPLIST_FILE = YES;
				IPHONEOS_DEPLOYMENT_TARGET = 18.2;
				MARKETING_VERSION = 1.0;
				PRODUCT_BUNDLE_IDENTIFIER = com.sugurutokuda.CatodoroSharedTests;
				PRODUCT_NAME = "$(TARGET_NAME)";
				SWIFT_EMIT_LOC_STRINGS = NO;
				SWIFT_VERSION = 5.0;
				TARGETED_DEVICE_FAMILY = "1,2";
				TEST_HOST = "$(BUILT_PRODUCTS_DIR)/Catodoro.app/$(BUNDLE_EXECUTABLE_FOLDER_PATH)/Catodoro";
			};
			name = Release;
		};
		BB522A5B2D40AB4F0064F9DC /* Debug */ = {
			isa = XCBuildConfiguration;
			buildSettings = {
				ASSETCATALOG_COMPILER_GLOBAL_ACCENT_COLOR_NAME = AccentColor;
				ASSETCATALOG_COMPILER_WIDGET_BACKGROUND_COLOR_NAME = WidgetBackground;
				CODE_SIGN_ENTITLEMENTS = CatodoroWidgetExtension.entitlements;
				CODE_SIGN_IDENTITY = "Apple Development";
				CODE_SIGN_STYLE = Automatic;
				CURRENT_PROJECT_VERSION = 1;
				DEVELOPMENT_TEAM = KJ5YZSV7FU;
				GENERATE_INFOPLIST_FILE = YES;
				INFOPLIST_FILE = CatodoroWidget/Info.plist;
				INFOPLIST_KEY_CFBundleDisplayName = CatodoroWidget;
				INFOPLIST_KEY_NSHumanReadableCopyright = "";
				IPHONEOS_DEPLOYMENT_TARGET = 18.2;
				LD_RUNPATH_SEARCH_PATHS = (
					"$(inherited)",
					"@executable_path/Frameworks",
					"@executable_path/../../Frameworks",
				);
				MARKETING_VERSION = 1.0;
				PRODUCT_BUNDLE_IDENTIFIER = com.sugurutokuda.Catodoro.CatodoroWidget;
				PRODUCT_NAME = "$(TARGET_NAME)";
				SKIP_INSTALL = YES;
				SWIFT_EMIT_LOC_STRINGS = YES;
				SWIFT_VERSION = 5.0;
				TARGETED_DEVICE_FAMILY = "1,2";
			};
			name = Debug;
		};
		BB522A5C2D40AB4F0064F9DC /* Release */ = {
			isa = XCBuildConfiguration;
			buildSettings = {
				ASSETCATALOG_COMPILER_GLOBAL_ACCENT_COLOR_NAME = AccentColor;
				ASSETCATALOG_COMPILER_WIDGET_BACKGROUND_COLOR_NAME = WidgetBackground;
				CODE_SIGN_ENTITLEMENTS = CatodoroWidgetExtension.entitlements;
				CODE_SIGN_IDENTITY = "Apple Development";
				CODE_SIGN_STYLE = Automatic;
				CURRENT_PROJECT_VERSION = 1;
				DEVELOPMENT_TEAM = KJ5YZSV7FU;
				GENERATE_INFOPLIST_FILE = YES;
				INFOPLIST_FILE = CatodoroWidget/Info.plist;
				INFOPLIST_KEY_CFBundleDisplayName = CatodoroWidget;
				INFOPLIST_KEY_NSHumanReadableCopyright = "";
				IPHONEOS_DEPLOYMENT_TARGET = 18.2;
				LD_RUNPATH_SEARCH_PATHS = (
					"$(inherited)",
					"@executable_path/Frameworks",
					"@executable_path/../../Frameworks",
				);
				MARKETING_VERSION = 1.0;
				PRODUCT_BUNDLE_IDENTIFIER = com.sugurutokuda.Catodoro.CatodoroWidget;
				PRODUCT_NAME = "$(TARGET_NAME)";
				SKIP_INSTALL = YES;
				SWIFT_EMIT_LOC_STRINGS = YES;
				SWIFT_VERSION = 5.0;
				TARGETED_DEVICE_FAMILY = "1,2";
			};
			name = Release;
		};
		BB6C85142D1A5808005C4D0B /* Debug */ = {
			isa = XCBuildConfiguration;
			buildSettings = {
				BUNDLE_LOADER = "$(TEST_HOST)";
				CLANG_ENABLE_MODULES = YES;
				CODE_SIGN_STYLE = Automatic;
				CURRENT_PROJECT_VERSION = 1;
				DEVELOPMENT_TEAM = FVEGF5DQ7U;
				GENERATE_INFOPLIST_FILE = YES;
				IPHONEOS_DEPLOYMENT_TARGET = 18.2;
				MARKETING_VERSION = 1.0;
				PRODUCT_BUNDLE_IDENTIFIER = com.sugurutokuda.CatodoroTests;
				PRODUCT_NAME = "$(TARGET_NAME)";
				SWIFT_EMIT_LOC_STRINGS = NO;
				SWIFT_OPTIMIZATION_LEVEL = "-Onone";
				SWIFT_VERSION = 5.0;
				TARGETED_DEVICE_FAMILY = "1,2";
				TEST_HOST = "$(BUILT_PRODUCTS_DIR)/Catodoro.app/$(BUNDLE_EXECUTABLE_FOLDER_PATH)/Catodoro";
			};
			name = Debug;
		};
		BB6C85152D1A5808005C4D0B /* Release */ = {
			isa = XCBuildConfiguration;
			buildSettings = {
				BUNDLE_LOADER = "$(TEST_HOST)";
				CLANG_ENABLE_MODULES = YES;
				CODE_SIGN_STYLE = Automatic;
				CURRENT_PROJECT_VERSION = 1;
				DEVELOPMENT_TEAM = FVEGF5DQ7U;
				GENERATE_INFOPLIST_FILE = YES;
				IPHONEOS_DEPLOYMENT_TARGET = 18.2;
				MARKETING_VERSION = 1.0;
				PRODUCT_BUNDLE_IDENTIFIER = com.sugurutokuda.CatodoroTests;
				PRODUCT_NAME = "$(TARGET_NAME)";
				SWIFT_EMIT_LOC_STRINGS = NO;
				SWIFT_VERSION = 5.0;
				TARGETED_DEVICE_FAMILY = "1,2";
				TEST_HOST = "$(BUILT_PRODUCTS_DIR)/Catodoro.app/$(BUNDLE_EXECUTABLE_FOLDER_PATH)/Catodoro";
			};
			name = Release;
		};
		BB6C85232D1A5825005C4D0B /* Debug */ = {
			isa = XCBuildConfiguration;
			buildSettings = {
				CODE_SIGN_STYLE = Automatic;
				CURRENT_PROJECT_VERSION = 1;
				DEVELOPMENT_TEAM = FVEGF5DQ7U;
				GENERATE_INFOPLIST_FILE = YES;
				IPHONEOS_DEPLOYMENT_TARGET = 18.2;
				MARKETING_VERSION = 1.0;
				PRODUCT_BUNDLE_IDENTIFIER = com.sugurutokuda.CatodoroUITests;
				PRODUCT_NAME = "$(TARGET_NAME)";
				SWIFT_EMIT_LOC_STRINGS = NO;
				SWIFT_VERSION = 5.0;
				TARGETED_DEVICE_FAMILY = "1,2";
				TEST_TARGET_NAME = Catodoro;
			};
			name = Debug;
		};
		BB6C85242D1A5825005C4D0B /* Release */ = {
			isa = XCBuildConfiguration;
			buildSettings = {
				CODE_SIGN_STYLE = Automatic;
				CURRENT_PROJECT_VERSION = 1;
				DEVELOPMENT_TEAM = FVEGF5DQ7U;
				GENERATE_INFOPLIST_FILE = YES;
				IPHONEOS_DEPLOYMENT_TARGET = 18.2;
				MARKETING_VERSION = 1.0;
				PRODUCT_BUNDLE_IDENTIFIER = com.sugurutokuda.CatodoroUITests;
				PRODUCT_NAME = "$(TARGET_NAME)";
				SWIFT_EMIT_LOC_STRINGS = NO;
				SWIFT_VERSION = 5.0;
				TARGETED_DEVICE_FAMILY = "1,2";
				TEST_TARGET_NAME = Catodoro;
			};
			name = Release;
		};
		BBF4F4662C763FF90079448E /* Debug */ = {
			isa = XCBuildConfiguration;
			buildSettings = {
				ALWAYS_SEARCH_USER_PATHS = NO;
				ASSETCATALOG_COMPILER_GENERATE_SWIFT_ASSET_SYMBOL_EXTENSIONS = YES;
				CLANG_ANALYZER_NONNULL = YES;
				CLANG_ANALYZER_NUMBER_OBJECT_CONVERSION = YES_AGGRESSIVE;
				CLANG_CXX_LANGUAGE_STANDARD = "gnu++20";
				CLANG_ENABLE_MODULES = YES;
				CLANG_ENABLE_OBJC_ARC = YES;
				CLANG_ENABLE_OBJC_WEAK = YES;
				CLANG_WARN_BLOCK_CAPTURE_AUTORELEASING = YES;
				CLANG_WARN_BOOL_CONVERSION = YES;
				CLANG_WARN_COMMA = YES;
				CLANG_WARN_CONSTANT_CONVERSION = YES;
				CLANG_WARN_DEPRECATED_OBJC_IMPLEMENTATIONS = YES;
				CLANG_WARN_DIRECT_OBJC_ISA_USAGE = YES_ERROR;
				CLANG_WARN_DOCUMENTATION_COMMENTS = YES;
				CLANG_WARN_EMPTY_BODY = YES;
				CLANG_WARN_ENUM_CONVERSION = YES;
				CLANG_WARN_INFINITE_RECURSION = YES;
				CLANG_WARN_INT_CONVERSION = YES;
				CLANG_WARN_NON_LITERAL_NULL_CONVERSION = YES;
				CLANG_WARN_OBJC_IMPLICIT_RETAIN_SELF = YES;
				CLANG_WARN_OBJC_LITERAL_CONVERSION = YES;
				CLANG_WARN_OBJC_ROOT_CLASS = YES_ERROR;
				CLANG_WARN_QUOTED_INCLUDE_IN_FRAMEWORK_HEADER = YES;
				CLANG_WARN_RANGE_LOOP_ANALYSIS = YES;
				CLANG_WARN_STRICT_PROTOTYPES = YES;
				CLANG_WARN_SUSPICIOUS_MOVE = YES;
				CLANG_WARN_UNGUARDED_AVAILABILITY = YES_AGGRESSIVE;
				CLANG_WARN_UNREACHABLE_CODE = YES;
				CLANG_WARN__DUPLICATE_METHOD_MATCH = YES;
				COPY_PHASE_STRIP = NO;
				DEBUG_INFORMATION_FORMAT = dwarf;
				ENABLE_STRICT_OBJC_MSGSEND = YES;
				ENABLE_TESTABILITY = YES;
				ENABLE_USER_SCRIPT_SANDBOXING = YES;
				GCC_C_LANGUAGE_STANDARD = gnu17;
				GCC_DYNAMIC_NO_PIC = NO;
				GCC_NO_COMMON_BLOCKS = YES;
				GCC_OPTIMIZATION_LEVEL = 0;
				GCC_PREPROCESSOR_DEFINITIONS = (
					"DEBUG=1",
					"$(inherited)",
				);
				GCC_WARN_64_TO_32_BIT_CONVERSION = YES;
				GCC_WARN_ABOUT_RETURN_TYPE = YES_ERROR;
				GCC_WARN_UNDECLARED_SELECTOR = YES;
				GCC_WARN_UNINITIALIZED_AUTOS = YES_AGGRESSIVE;
				GCC_WARN_UNUSED_FUNCTION = YES;
				GCC_WARN_UNUSED_VARIABLE = YES;
				IPHONEOS_DEPLOYMENT_TARGET = 17.5;
				LOCALIZATION_PREFERS_STRING_CATALOGS = YES;
				MTL_ENABLE_DEBUG_INFO = INCLUDE_SOURCE;
				MTL_FAST_MATH = YES;
				ONLY_ACTIVE_ARCH = YES;
				SDKROOT = iphoneos;
				SWIFT_ACTIVE_COMPILATION_CONDITIONS = "DEBUG $(inherited)";
				SWIFT_OPTIMIZATION_LEVEL = "-Onone";
			};
			name = Debug;
		};
		BBF4F4672C763FF90079448E /* Release */ = {
			isa = XCBuildConfiguration;
			buildSettings = {
				ALWAYS_SEARCH_USER_PATHS = NO;
				ASSETCATALOG_COMPILER_GENERATE_SWIFT_ASSET_SYMBOL_EXTENSIONS = YES;
				CLANG_ANALYZER_NONNULL = YES;
				CLANG_ANALYZER_NUMBER_OBJECT_CONVERSION = YES_AGGRESSIVE;
				CLANG_CXX_LANGUAGE_STANDARD = "gnu++20";
				CLANG_ENABLE_MODULES = YES;
				CLANG_ENABLE_OBJC_ARC = YES;
				CLANG_ENABLE_OBJC_WEAK = YES;
				CLANG_WARN_BLOCK_CAPTURE_AUTORELEASING = YES;
				CLANG_WARN_BOOL_CONVERSION = YES;
				CLANG_WARN_COMMA = YES;
				CLANG_WARN_CONSTANT_CONVERSION = YES;
				CLANG_WARN_DEPRECATED_OBJC_IMPLEMENTATIONS = YES;
				CLANG_WARN_DIRECT_OBJC_ISA_USAGE = YES_ERROR;
				CLANG_WARN_DOCUMENTATION_COMMENTS = YES;
				CLANG_WARN_EMPTY_BODY = YES;
				CLANG_WARN_ENUM_CONVERSION = YES;
				CLANG_WARN_INFINITE_RECURSION = YES;
				CLANG_WARN_INT_CONVERSION = YES;
				CLANG_WARN_NON_LITERAL_NULL_CONVERSION = YES;
				CLANG_WARN_OBJC_IMPLICIT_RETAIN_SELF = YES;
				CLANG_WARN_OBJC_LITERAL_CONVERSION = YES;
				CLANG_WARN_OBJC_ROOT_CLASS = YES_ERROR;
				CLANG_WARN_QUOTED_INCLUDE_IN_FRAMEWORK_HEADER = YES;
				CLANG_WARN_RANGE_LOOP_ANALYSIS = YES;
				CLANG_WARN_STRICT_PROTOTYPES = YES;
				CLANG_WARN_SUSPICIOUS_MOVE = YES;
				CLANG_WARN_UNGUARDED_AVAILABILITY = YES_AGGRESSIVE;
				CLANG_WARN_UNREACHABLE_CODE = YES;
				CLANG_WARN__DUPLICATE_METHOD_MATCH = YES;
				COPY_PHASE_STRIP = NO;
				DEBUG_INFORMATION_FORMAT = "dwarf-with-dsym";
				ENABLE_NS_ASSERTIONS = NO;
				ENABLE_STRICT_OBJC_MSGSEND = YES;
				ENABLE_USER_SCRIPT_SANDBOXING = YES;
				GCC_C_LANGUAGE_STANDARD = gnu17;
				GCC_NO_COMMON_BLOCKS = YES;
				GCC_WARN_64_TO_32_BIT_CONVERSION = YES;
				GCC_WARN_ABOUT_RETURN_TYPE = YES_ERROR;
				GCC_WARN_UNDECLARED_SELECTOR = YES;
				GCC_WARN_UNINITIALIZED_AUTOS = YES_AGGRESSIVE;
				GCC_WARN_UNUSED_FUNCTION = YES;
				GCC_WARN_UNUSED_VARIABLE = YES;
				IPHONEOS_DEPLOYMENT_TARGET = 17.5;
				LOCALIZATION_PREFERS_STRING_CATALOGS = YES;
				MTL_ENABLE_DEBUG_INFO = NO;
				MTL_FAST_MATH = YES;
				SDKROOT = iphoneos;
				SWIFT_COMPILATION_MODE = wholemodule;
				VALIDATE_PRODUCT = YES;
			};
			name = Release;
		};
		BBF4F4692C763FF90079448E /* Debug */ = {
			isa = XCBuildConfiguration;
			buildSettings = {
				ASSETCATALOG_COMPILER_APPICON_NAME = AppIcon;
				ASSETCATALOG_COMPILER_GLOBAL_ACCENT_COLOR_NAME = AccentColor;
				CODE_SIGN_ENTITLEMENTS = Catodoro/Catodoro.entitlements;
				CODE_SIGN_IDENTITY = "Apple Development";
				CODE_SIGN_STYLE = Automatic;
				CURRENT_PROJECT_VERSION = 1;
				DEVELOPMENT_TEAM = KJ5YZSV7FU;
				GENERATE_INFOPLIST_FILE = YES;
				INFOPLIST_FILE = Catodoro/Info.plist;
				INFOPLIST_KEY_LSApplicationCategoryType = "public.app-category.utilities";
				INFOPLIST_KEY_NSSupportsLiveActivities = YES;
				INFOPLIST_KEY_UIApplicationSupportsIndirectInputEvents = YES;
				INFOPLIST_KEY_UILaunchStoryboardName = LaunchScreen;
				INFOPLIST_KEY_UIStatusBarStyle = "";
				INFOPLIST_KEY_UISupportedInterfaceOrientations = UIInterfaceOrientationPortrait;
				INFOPLIST_KEY_UISupportedInterfaceOrientations_iPad = "UIInterfaceOrientationLandscapeLeft UIInterfaceOrientationLandscapeRight UIInterfaceOrientationPortrait UIInterfaceOrientationPortraitUpsideDown";
				LD_RUNPATH_SEARCH_PATHS = (
					"$(inherited)",
					"@executable_path/Frameworks",
				);
				MARKETING_VERSION = 1.0;
				PRODUCT_BUNDLE_IDENTIFIER = com.sugurutokuda.Catodoro;
				PRODUCT_NAME = "$(TARGET_NAME)";
				PROVISIONING_PROFILE_SPECIFIER = "";
				SWIFT_EMIT_LOC_STRINGS = YES;
				SWIFT_VERSION = 5.0;
				TARGETED_DEVICE_FAMILY = "1,2";
			};
			name = Debug;
		};
		BBF4F46A2C763FF90079448E /* Release */ = {
			isa = XCBuildConfiguration;
			buildSettings = {
				ASSETCATALOG_COMPILER_APPICON_NAME = AppIcon;
				ASSETCATALOG_COMPILER_GLOBAL_ACCENT_COLOR_NAME = AccentColor;
				CODE_SIGN_ENTITLEMENTS = Catodoro/Catodoro.entitlements;
				CODE_SIGN_IDENTITY = "Apple Development";
				CODE_SIGN_STYLE = Automatic;
				CURRENT_PROJECT_VERSION = 1;
				DEVELOPMENT_TEAM = KJ5YZSV7FU;
				GENERATE_INFOPLIST_FILE = YES;
				INFOPLIST_FILE = Catodoro/Info.plist;
				INFOPLIST_KEY_LSApplicationCategoryType = "public.app-category.utilities";
				INFOPLIST_KEY_NSSupportsLiveActivities = YES;
				INFOPLIST_KEY_UIApplicationSupportsIndirectInputEvents = YES;
				INFOPLIST_KEY_UILaunchStoryboardName = LaunchScreen;
				INFOPLIST_KEY_UIStatusBarStyle = "";
				INFOPLIST_KEY_UISupportedInterfaceOrientations = UIInterfaceOrientationPortrait;
				INFOPLIST_KEY_UISupportedInterfaceOrientations_iPad = "UIInterfaceOrientationLandscapeLeft UIInterfaceOrientationLandscapeRight UIInterfaceOrientationPortrait UIInterfaceOrientationPortraitUpsideDown";
				LD_RUNPATH_SEARCH_PATHS = (
					"$(inherited)",
					"@executable_path/Frameworks",
				);
				MARKETING_VERSION = 1.0;
				PRODUCT_BUNDLE_IDENTIFIER = com.sugurutokuda.Catodoro;
				PRODUCT_NAME = "$(TARGET_NAME)";
				PROVISIONING_PROFILE_SPECIFIER = "";
				SWIFT_EMIT_LOC_STRINGS = YES;
				SWIFT_VERSION = 5.0;
				TARGETED_DEVICE_FAMILY = "1,2";
			};
			name = Release;
		};
/* End XCBuildConfiguration section */

/* Begin XCConfigurationList section */
		BB4CF7842D35986100B0946C /* Build configuration list for PBXNativeTarget "CatodoroShared" */ = {
			isa = XCConfigurationList;
			buildConfigurations = (
				BB4CF7852D35986100B0946C /* Debug */,
				BB4CF7862D35986100B0946C /* Release */,
			);
			defaultConfigurationIsVisible = 0;
			defaultConfigurationName = Release;
		};
		BB4CF7882D35986100B0946C /* Build configuration list for PBXNativeTarget "CatodoroSharedTests" */ = {
			isa = XCConfigurationList;
			buildConfigurations = (
				BB4CF7892D35986100B0946C /* Debug */,
				BB4CF78A2D35986100B0946C /* Release */,
			);
			defaultConfigurationIsVisible = 0;
			defaultConfigurationName = Release;
		};
		BB522A5A2D40AB4F0064F9DC /* Build configuration list for PBXNativeTarget "CatodoroWidgetExtension" */ = {
			isa = XCConfigurationList;
			buildConfigurations = (
				BB522A5B2D40AB4F0064F9DC /* Debug */,
				BB522A5C2D40AB4F0064F9DC /* Release */,
			);
			defaultConfigurationIsVisible = 0;
			defaultConfigurationName = Release;
		};
		BB6C85132D1A5808005C4D0B /* Build configuration list for PBXNativeTarget "CatodoroTests" */ = {
			isa = XCConfigurationList;
			buildConfigurations = (
				BB6C85142D1A5808005C4D0B /* Debug */,
				BB6C85152D1A5808005C4D0B /* Release */,
			);
			defaultConfigurationIsVisible = 0;
			defaultConfigurationName = Release;
		};
		BB6C85222D1A5825005C4D0B /* Build configuration list for PBXNativeTarget "CatodoroUITests" */ = {
			isa = XCConfigurationList;
			buildConfigurations = (
				BB6C85232D1A5825005C4D0B /* Debug */,
				BB6C85242D1A5825005C4D0B /* Release */,
			);
			defaultConfigurationIsVisible = 0;
			defaultConfigurationName = Release;
		};
		BBF4F44F2C763FF80079448E /* Build configuration list for PBXProject "Catodoro" */ = {
			isa = XCConfigurationList;
			buildConfigurations = (
				BBF4F4662C763FF90079448E /* Debug */,
				BBF4F4672C763FF90079448E /* Release */,
			);
			defaultConfigurationIsVisible = 0;
			defaultConfigurationName = Release;
		};
		BBF4F4682C763FF90079448E /* Build configuration list for PBXNativeTarget "Catodoro" */ = {
			isa = XCConfigurationList;
			buildConfigurations = (
				BBF4F4692C763FF90079448E /* Debug */,
				BBF4F46A2C763FF90079448E /* Release */,
			);
			defaultConfigurationIsVisible = 0;
			defaultConfigurationName = Release;
		};
/* End XCConfigurationList section */

/* Begin XCVersionGroup section */
		BB07847B2D1B293E004BF908 /* CatodoroCoreData.xcdatamodeld */ = {
			isa = XCVersionGroup;
			children = (
				BB07847C2D1B293E004BF908 /* CatodoroCoreData.xcdatamodel */,
			);
			currentVersion = BB07847C2D1B293E004BF908 /* CatodoroCoreData.xcdatamodel */;
			path = CatodoroCoreData.xcdatamodeld;
			sourceTree = "<group>";
			versionGroupType = wrapper.xcdatamodel;
		};
/* End XCVersionGroup section */
	};
	rootObject = BBF4F44C2C763FF80079448E /* Project object */;
}
